// !$*UTF8*$!
{
	archiveVersion = 1;
	classes = {
	};
	objectVersion = 56;
	objects = {

/* Begin PBXBuildFile section */
		ACB8D6752B4BE4E2005D9214 /* AppDelegate.swift in Sources */ = {isa = PBXBuildFile; fileRef = ACB8D6742B4BE4E2005D9214 /* AppDelegate.swift */; };
		ACB8D6772B4BE4E2005D9214 /* SceneDelegate.swift in Sources */ = {isa = PBXBuildFile; fileRef = ACB8D6762B4BE4E2005D9214 /* SceneDelegate.swift */; };
		ACB8D6792B4BE4E2005D9214 /* ViewController.swift in Sources */ = {isa = PBXBuildFile; fileRef = ACB8D6782B4BE4E2005D9214 /* ViewController.swift */; };
		ACB8D67C2B4BE4E2005D9214 /* Main.storyboard in Resources */ = {isa = PBXBuildFile; fileRef = ACB8D67A2B4BE4E2005D9214 /* Main.storyboard */; };
		ACB8D67E2B4BE4E3005D9214 /* Assets.xcassets in Resources */ = {isa = PBXBuildFile; fileRef = ACB8D67D2B4BE4E3005D9214 /* Assets.xcassets */; };
		ACB8D6812B4BE4E4005D9214 /* LaunchScreen.storyboard in Resources */ = {isa = PBXBuildFile; fileRef = ACB8D67F2B4BE4E4005D9214 /* LaunchScreen.storyboard */; };
		ACB8D6892B4BE598005D9214 /* MagazineTableViewCell.swift in Sources */ = {isa = PBXBuildFile; fileRef = ACB8D6882B4BE598005D9214 /* MagazineTableViewCell.swift */; };
		ACB8D68B2B4BE70A005D9214 /* MagazineInfo.swift in Sources */ = {isa = PBXBuildFile; fileRef = ACB8D68A2B4BE70A005D9214 /* MagazineInfo.swift */; };
		ACB8D68E2B4BE975005D9214 /* Kingfisher in Frameworks */ = {isa = PBXBuildFile; productRef = ACB8D68D2B4BE975005D9214 /* Kingfisher */; };
		ACFC711B2B5553CD0087D9CB /* WebLinkViewController.swift in Sources */ = {isa = PBXBuildFile; fileRef = ACFC711A2B5553CD0087D9CB /* WebLinkViewController.swift */; };
/* End PBXBuildFile section */

/* Begin PBXFileReference section */
		ACB8D6712B4BE4E2005D9214 /* SeSAC_Assignment_0108.app */ = {isa = PBXFileReference; explicitFileType = wrapper.application; includeInIndex = 0; path = SeSAC_Assignment_0108.app; sourceTree = BUILT_PRODUCTS_DIR; };
		ACB8D6742B4BE4E2005D9214 /* AppDelegate.swift */ = {isa = PBXFileReference; lastKnownFileType = sourcecode.swift; path = AppDelegate.swift; sourceTree = "<group>"; };
		ACB8D6762B4BE4E2005D9214 /* SceneDelegate.swift */ = {isa = PBXFileReference; lastKnownFileType = sourcecode.swift; path = SceneDelegate.swift; sourceTree = "<group>"; };
		ACB8D6782B4BE4E2005D9214 /* ViewController.swift */ = {isa = PBXFileReference; lastKnownFileType = sourcecode.swift; path = ViewController.swift; sourceTree = "<group>"; };
		ACB8D67B2B4BE4E2005D9214 /* Base */ = {isa = PBXFileReference; lastKnownFileType = file.storyboard; name = Base; path = Base.lproj/Main.storyboard; sourceTree = "<group>"; };
		ACB8D67D2B4BE4E3005D9214 /* Assets.xcassets */ = {isa = PBXFileReference; lastKnownFileType = folder.assetcatalog; path = Assets.xcassets; sourceTree = "<group>"; };
		ACB8D6802B4BE4E4005D9214 /* Base */ = {isa = PBXFileReference; lastKnownFileType = file.storyboard; name = Base; path = Base.lproj/LaunchScreen.storyboard; sourceTree = "<group>"; };
		ACB8D6822B4BE4E4005D9214 /* Info.plist */ = {isa = PBXFileReference; lastKnownFileType = text.plist.xml; path = Info.plist; sourceTree = "<group>"; };
		ACB8D6882B4BE598005D9214 /* MagazineTableViewCell.swift */ = {isa = PBXFileReference; lastKnownFileType = sourcecode.swift; path = MagazineTableViewCell.swift; sourceTree = "<group>"; };
		ACB8D68A2B4BE70A005D9214 /* MagazineInfo.swift */ = {isa = PBXFileReference; lastKnownFileType = sourcecode.swift; path = MagazineInfo.swift; sourceTree = "<group>"; };
		ACFC711A2B5553CD0087D9CB /* WebLinkViewController.swift */ = {isa = PBXFileReference; lastKnownFileType = sourcecode.swift; path = WebLinkViewController.swift; sourceTree = "<group>"; };
/* End PBXFileReference section */

/* Begin PBXFrameworksBuildPhase section */
		ACB8D66E2B4BE4E2005D9214 /* Frameworks */ = {
			isa = PBXFrameworksBuildPhase;
			buildActionMask = 2147483647;
			files = (
				ACB8D68E2B4BE975005D9214 /* Kingfisher in Frameworks */,
			);
			runOnlyForDeploymentPostprocessing = 0;
		};
/* End PBXFrameworksBuildPhase section */

/* Begin PBXGroup section */
		ACB8D6682B4BE4E2005D9214 = {
			isa = PBXGroup;
			children = (
				ACB8D6732B4BE4E2005D9214 /* SeSAC_Assignment_0108 */,
				ACB8D6722B4BE4E2005D9214 /* Products */,
			);
			sourceTree = "<group>";
		};
		ACB8D6722B4BE4E2005D9214 /* Products */ = {
			isa = PBXGroup;
			children = (
				ACB8D6712B4BE4E2005D9214 /* SeSAC_Assignment_0108.app */,
			);
			name = Products;
			sourceTree = "<group>";
		};
		ACB8D6732B4BE4E2005D9214 /* SeSAC_Assignment_0108 */ = {
			isa = PBXGroup;
			children = (
				ACB8D6742B4BE4E2005D9214 /* AppDelegate.swift */,
				ACB8D6762B4BE4E2005D9214 /* SceneDelegate.swift */,
				ACB8D6782B4BE4E2005D9214 /* ViewController.swift */,
				ACB8D67A2B4BE4E2005D9214 /* Main.storyboard */,
				ACFC711A2B5553CD0087D9CB /* WebLinkViewController.swift */,
				ACB8D68A2B4BE70A005D9214 /* MagazineInfo.swift */,
				ACB8D6882B4BE598005D9214 /* MagazineTableViewCell.swift */,
				ACB8D67D2B4BE4E3005D9214 /* Assets.xcassets */,
				ACB8D67F2B4BE4E4005D9214 /* LaunchScreen.storyboard */,
				ACB8D6822B4BE4E4005D9214 /* Info.plist */,
			);
			path = SeSAC_Assignment_0108;
			sourceTree = "<group>";
		};
/* End PBXGroup section */

/* Begin PBXNativeTarget section */
		ACB8D6702B4BE4E2005D9214 /* SeSAC_Assignment_0108 */ = {
			isa = PBXNativeTarget;
			buildConfigurationList = ACB8D6852B4BE4E4005D9214 /* Build configuration list for PBXNativeTarget "SeSAC_Assignment_0108" */;
			buildPhases = (
				ACB8D66D2B4BE4E2005D9214 /* Sources */,
				ACB8D66E2B4BE4E2005D9214 /* Frameworks */,
				ACB8D66F2B4BE4E2005D9214 /* Resources */,
			);
			buildRules = (
			);
			dependencies = (
			);
			name = SeSAC_Assignment_0108;
			packageProductDependencies = (
				ACB8D68D2B4BE975005D9214 /* Kingfisher */,
			);
			productName = SeSAC_Assignment_0108;
			productReference = ACB8D6712B4BE4E2005D9214 /* SeSAC_Assignment_0108.app */;
			productType = "com.apple.product-type.application";
		};
/* End PBXNativeTarget section */

/* Begin PBXProject section */
		ACB8D6692B4BE4E2005D9214 /* Project object */ = {
			isa = PBXProject;
			attributes = {
				BuildIndependentTargetsInParallel = 1;
				LastSwiftUpdateCheck = 1510;
				LastUpgradeCheck = 1510;
				TargetAttributes = {
					ACB8D6702B4BE4E2005D9214 = {
						CreatedOnToolsVersion = 15.1;
					};
				};
			};
			buildConfigurationList = ACB8D66C2B4BE4E2005D9214 /* Build configuration list for PBXProject "SeSAC_Assignment_0108" */;
			compatibilityVersion = "Xcode 14.0";
			developmentRegion = en;
			hasScannedForEncodings = 0;
			knownRegions = (
				en,
				Base,
			);
			mainGroup = ACB8D6682B4BE4E2005D9214;
			packageReferences = (
				ACB8D68C2B4BE975005D9214 /* XCRemoteSwiftPackageReference "Kingfisher" */,
			);
			productRefGroup = ACB8D6722B4BE4E2005D9214 /* Products */;
			projectDirPath = "";
			projectRoot = "";
			targets = (
				ACB8D6702B4BE4E2005D9214 /* SeSAC_Assignment_0108 */,
			);
		};
/* End PBXProject section */

/* Begin PBXResourcesBuildPhase section */
		ACB8D66F2B4BE4E2005D9214 /* Resources */ = {
			isa = PBXResourcesBuildPhase;
			buildActionMask = 2147483647;
			files = (
				ACB8D6812B4BE4E4005D9214 /* LaunchScreen.storyboard in Resources */,
				ACB8D67E2B4BE4E3005D9214 /* Assets.xcassets in Resources */,
				ACB8D67C2B4BE4E2005D9214 /* Main.storyboard in Resources */,
			);
			runOnlyForDeploymentPostprocessing = 0;
		};
/* End PBXResourcesBuildPhase section */

/* Begin PBXSourcesBuildPhase section */
		ACB8D66D2B4BE4E2005D9214 /* Sources */ = {
			isa = PBXSourcesBuildPhase;
			buildActionMask = 2147483647;
			files = (
				ACB8D6792B4BE4E2005D9214 /* ViewController.swift in Sources */,
				ACFC711B2B5553CD0087D9CB /* WebLinkViewController.swift in Sources */,
				ACB8D6892B4BE598005D9214 /* MagazineTableViewCell.swift in Sources */,
				ACB8D6752B4BE4E2005D9214 /* AppDelegate.swift in Sources */,
				ACB8D6772B4BE4E2005D9214 /* SceneDelegate.swift in Sources */,
				ACB8D68B2B4BE70A005D9214 /* MagazineInfo.swift in Sources */,
			);
			runOnlyForDeploymentPostprocessing = 0;
		};
/* End PBXSourcesBuildPhase section */

/* Begin PBXVariantGroup section */
		ACB8D67A2B4BE4E2005D9214 /* Main.storyboard */ = {
			isa = PBXVariantGroup;
			children = (
				ACB8D67B2B4BE4E2005D9214 /* Base */,
			);
			name = Main.storyboard;
			sourceTree = "<group>";
		};
		ACB8D67F2B4BE4E4005D9214 /* LaunchScreen.storyboard */ = {
			isa = PBXVariantGroup;
			children = (
				ACB8D6802B4BE4E4005D9214 /* Base */,
			);
			name = LaunchScreen.storyboard;
			sourceTree = "<group>";
		};
/* End PBXVariantGroup section */

/* Begin XCBuildConfiguration section */
		ACB8D6832B4BE4E4005D9214 /* Debug */ = {
			isa = XCBuildConfiguration;
			buildSettings = {
				ALWAYS_SEARCH_USER_PATHS = NO;
				ASSETCATALOG_COMPILER_GENERATE_SWIFT_ASSET_SYMBOL_EXTENSIONS = YES;
				CLANG_ANALYZER_NONNULL = YES;
				CLANG_ANALYZER_NUMBER_OBJECT_CONVERSION = YES_AGGRESSIVE;
				CLANG_CXX_LANGUAGE_STANDARD = "gnu++20";
				CLANG_ENABLE_MODULES = YES;
				CLANG_ENABLE_OBJC_ARC = YES;
				CLANG_ENABLE_OBJC_WEAK = YES;
				CLANG_WARN_BLOCK_CAPTURE_AUTORELEASING = YES;
				CLANG_WARN_BOOL_CONVERSION = YES;
				CLANG_WARN_COMMA = YES;
				CLANG_WARN_CONSTANT_CONVERSION = YES;
				CLANG_WARN_DEPRECATED_OBJC_IMPLEMENTATIONS = YES;
				CLANG_WARN_DIRECT_OBJC_ISA_USAGE = YES_ERROR;
				CLANG_WARN_DOCUMENTATION_COMMENTS = YES;
				CLANG_WARN_EMPTY_BODY = YES;
				CLANG_WARN_ENUM_CONVERSION = YES;
				CLANG_WARN_INFINITE_RECURSION = YES;
				CLANG_WARN_INT_CONVERSION = YES;
				CLANG_WARN_NON_LITERAL_NULL_CONVERSION = YES;
				CLANG_WARN_OBJC_IMPLICIT_RETAIN_SELF = YES;
				CLANG_WARN_OBJC_LITERAL_CONVERSION = YES;
				CLANG_WARN_OBJC_ROOT_CLASS = YES_ERROR;
				CLANG_WARN_QUOTED_INCLUDE_IN_FRAMEWORK_HEADER = YES;
				CLANG_WARN_RANGE_LOOP_ANALYSIS = YES;
				CLANG_WARN_STRICT_PROTOTYPES = YES;
				CLANG_WARN_SUSPICIOUS_MOVE = YES;
				CLANG_WARN_UNGUARDED_AVAILABILITY = YES_AGGRESSIVE;
				CLANG_WARN_UNREACHABLE_CODE = YES;
				CLANG_WARN__DUPLICATE_METHOD_MATCH = YES;
				COPY_PHASE_STRIP = NO;
				DEBUG_INFORMATION_FORMAT = dwarf;
				ENABLE_STRICT_OBJC_MSGSEND = YES;
				ENABLE_TESTABILITY = YES;
				ENABLE_USER_SCRIPT_SANDBOXING = YES;
				GCC_C_LANGUAGE_STANDARD = gnu17;
				GCC_DYNAMIC_NO_PIC = NO;
				GCC_NO_COMMON_BLOCKS = YES;
				GCC_OPTIMIZATION_LEVEL = 0;
				GCC_PREPROCESSOR_DEFINITIONS = (
					"DEBUG=1",
					"$(inherited)",
				);
				GCC_WARN_64_TO_32_BIT_CONVERSION = YES;
				GCC_WARN_ABOUT_RETURN_TYPE = YES_ERROR;
				GCC_WARN_UNDECLARED_SELECTOR = YES;
				GCC_WARN_UNINITIALIZED_AUTOS = YES_AGGRESSIVE;
				GCC_WARN_UNUSED_FUNCTION = YES;
				GCC_WARN_UNUSED_VARIABLE = YES;
				IPHONEOS_DEPLOYMENT_TARGET = 17.2;
				LOCALIZATION_PREFERS_STRING_CATALOGS = YES;
				MTL_ENABLE_DEBUG_INFO = INCLUDE_SOURCE;
				MTL_FAST_MATH = YES;
				ONLY_ACTIVE_ARCH = YES;
				SDKROOT = iphoneos;
				SWIFT_ACTIVE_COMPILATION_CONDITIONS = "DEBUG $(inherited)";
				SWIFT_OPTIMIZATION_LEVEL = "-Onone";
			};
			name = Debug;
		};
		ACB8D6842B4BE4E4005D9214 /* Release */ = {
			isa = XCBuildConfiguration;
			buildSettings = {
				ALWAYS_SEARCH_USER_PATHS = NO;
				ASSETCATALOG_COMPILER_GENERATE_SWIFT_ASSET_SYMBOL_EXTENSIONS = YES;
				CLANG_ANALYZER_NONNULL = YES;
				CLANG_ANALYZER_NUMBER_OBJECT_CONVERSION = YES_AGGRESSIVE;
				CLANG_CXX_LANGUAGE_STANDARD = "gnu++20";
				CLANG_ENABLE_MODULES = YES;
				CLANG_ENABLE_OBJC_ARC = YES;
				CLANG_ENABLE_OBJC_WEAK = YES;
				CLANG_WARN_BLOCK_CAPTURE_AUTORELEASING = YES;
				CLANG_WARN_BOOL_CONVERSION = YES;
				CLANG_WARN_COMMA = YES;
				CLANG_WARN_CONSTANT_CONVERSION = YES;
				CLANG_WARN_DEPRECATED_OBJC_IMPLEMENTATIONS = YES;
				CLANG_WARN_DIRECT_OBJC_ISA_USAGE = YES_ERROR;
				CLANG_WARN_DOCUMENTATION_COMMENTS = YES;
				CLANG_WARN_EMPTY_BODY = YES;
				CLANG_WARN_ENUM_CONVERSION = YES;
				CLANG_WARN_INFINITE_RECURSION = YES;
				CLANG_WARN_INT_CONVERSION = YES;
				CLANG_WARN_NON_LITERAL_NULL_CONVERSION = YES;
				CLANG_WARN_OBJC_IMPLICIT_RETAIN_SELF = YES;
				CLANG_WARN_OBJC_LITERAL_CONVERSION = YES;
				CLANG_WARN_OBJC_ROOT_CLASS = YES_ERROR;
				CLANG_WARN_QUOTED_INCLUDE_IN_FRAMEWORK_HEADER = YES;
				CLANG_WARN_RANGE_LOOP_ANALYSIS = YES;
				CLANG_WARN_STRICT_PROTOTYPES = YES;
				CLANG_WARN_SUSPICIOUS_MOVE = YES;
				CLANG_WARN_UNGUARDED_AVAILABILITY = YES_AGGRESSIVE;
				CLANG_WARN_UNREACHABLE_CODE = YES;
				CLANG_WARN__DUPLICATE_METHOD_MATCH = YES;
				COPY_PHASE_STRIP = NO;
				DEBUG_INFORMATION_FORMAT = "dwarf-with-dsym";
				ENABLE_NS_ASSERTIONS = NO;
				ENABLE_STRICT_OBJC_MSGSEND = YES;
				ENABLE_USER_SCRIPT_SANDBOXING = YES;
				GCC_C_LANGUAGE_STANDARD = gnu17;
				GCC_NO_COMMON_BLOCKS = YES;
				GCC_WARN_64_TO_32_BIT_CONVERSION = YES;
				GCC_WARN_ABOUT_RETURN_TYPE = YES_ERROR;
				GCC_WARN_UNDECLARED_SELECTOR = YES;
				GCC_WARN_UNINITIALIZED_AUTOS = YES_AGGRESSIVE;
				GCC_WARN_UNUSED_FUNCTION = YES;
				GCC_WARN_UNUSED_VARIABLE = YES;
				IPHONEOS_DEPLOYMENT_TARGET = 17.2;
				LOCALIZATION_PREFERS_STRING_CATALOGS = YES;
				MTL_ENABLE_DEBUG_INFO = NO;
				MTL_FAST_MATH = YES;
				SDKROOT = iphoneos;
				SWIFT_COMPILATION_MODE = wholemodule;
				VALIDATE_PRODUCT = YES;
			};
			name = Release;
		};
		ACB8D6862B4BE4E4005D9214 /* Debug */ = {
			isa = XCBuildConfiguration;
			buildSettings = {
				ASSETCATALOG_COMPILER_APPICON_NAME = AppIcon;
				ASSETCATALOG_COMPILER_GLOBAL_ACCENT_COLOR_NAME = AccentColor;
				CODE_SIGN_STYLE = Automatic;
				CURRENT_PROJECT_VERSION = 1;
				DEVELOPMENT_TEAM = 92Y6UC7Q5M;
				GENERATE_INFOPLIST_FILE = YES;
				INFOPLIST_FILE = SeSAC_Assignment_0108/Info.plist;
				INFOPLIST_KEY_UIApplicationSupportsIndirectInputEvents = YES;
				INFOPLIST_KEY_UILaunchStoryboardName = LaunchScreen;
				INFOPLIST_KEY_UIMainStoryboardFile = Main;
				INFOPLIST_KEY_UISupportedInterfaceOrientations = UIInterfaceOrientationPortrait;
				INFOPLIST_KEY_UISupportedInterfaceOrientations_iPad = "UIInterfaceOrientationLandscapeLeft UIInterfaceOrientationLandscapeRight UIInterfaceOrientationPortrait UIInterfaceOrientationPortraitUpsideDown";
				LD_RUNPATH_SEARCH_PATHS = (
					"$(inherited)",
					"@executable_path/Frameworks",
				);
				MARKETING_VERSION = 1.0;
				PRODUCT_BUNDLE_IDENTIFIER = "com.donotinto.SeSAC-Assignment-0108";
				PRODUCT_NAME = "$(TARGET_NAME)";
				SUPPORTED_PLATFORMS = "iphoneos iphonesimulator";
				SUPPORTS_MACCATALYST = NO;
				SUPPORTS_MAC_DESIGNED_FOR_IPHONE_IPAD = NO;
				SWIFT_EMIT_LOC_STRINGS = YES;
				SWIFT_VERSION = 5.0;
				TARGETED_DEVICE_FAMILY = 1;
			};
			name = Debug;
		};
		ACB8D6872B4BE4E4005D9214 /* Release */ = {
			isa = XCBuildConfiguration;
			buildSettings = {
				ASSETCATALOG_COMPILER_APPICON_NAME = AppIcon;
				ASSETCATALOG_COMPILER_GLOBAL_ACCENT_COLOR_NAME = AccentColor;
				CODE_SIGN_STYLE = Automatic;
				CURRENT_PROJECT_VERSION = 1;
				DEVELOPMENT_TEAM = 92Y6UC7Q5M;
				GENERATE_INFOPLIST_FILE = YES;
				INFOPLIST_FILE = SeSAC_Assignment_0108/Info.plist;
				INFOPLIST_KEY_UIApplicationSupportsIndirectInputEvents = YES;
				INFOPLIST_KEY_UILaunchStoryboardName = LaunchScreen;
				INFOPLIST_KEY_UIMainStoryboardFile = Main;
				INFOPLIST_KEY_UISupportedInterfaceOrientations = UIInterfaceOrientationPortrait;
				INFOPLIST_KEY_UISupportedInterfaceOrientations_iPad = "UIInterfaceOrientationLandscapeLeft UIInterfaceOrientationLandscapeRight UIInterfaceOrientationPortrait UIInterfaceOrientationPortraitUpsideDown";
				LD_RUNPATH_SEARCH_PATHS = (
					"$(inherited)",
					"@executable_path/Frameworks",
				);
				MARKETING_VERSION = 1.0;
				PRODUCT_BUNDLE_IDENTIFIER = "com.donotinto.SeSAC-Assignment-0108";
				PRODUCT_NAME = "$(TARGET_NAME)";
				SUPPORTED_PLATFORMS = "iphoneos iphonesimulator";
				SUPPORTS_MACCATALYST = NO;
				SUPPORTS_MAC_DESIGNED_FOR_IPHONE_IPAD = NO;
				SWIFT_EMIT_LOC_STRINGS = YES;
				SWIFT_VERSION = 5.0;
				TARGETED_DEVICE_FAMILY = 1;
			};
			name = Release;
		};
/* End XCBuildConfiguration section */

/* Begin XCConfigurationList section */
		ACB8D66C2B4BE4E2005D9214 /* Build configuration list for PBXProject "SeSAC_Assignment_0108" */ = {
			isa = XCConfigurationList;
			buildConfigurations = (
				ACB8D6832B4BE4E4005D9214 /* Debug */,
				ACB8D6842B4BE4E4005D9214 /* Release */,
			);
			defaultConfigurationIsVisible = 0;
			defaultConfigurationName = Release;
		};
		ACB8D6852B4BE4E4005D9214 /* Build configuration list for PBXNativeTarget "SeSAC_Assignment_0108" */ = {
			isa = XCConfigurationList;
			buildConfigurations = (
				ACB8D6862B4BE4E4005D9214 /* Debug */,
				ACB8D6872B4BE4E4005D9214 /* Release */,
			);
			defaultConfigurationIsVisible = 0;
			defaultConfigurationName = Release;
		};
/* End XCConfigurationList section */

/* Begin XCRemoteSwiftPackageReference section */
		ACB8D68C2B4BE975005D9214 /* XCRemoteSwiftPackageReference "Kingfisher" */ = {
			isa = XCRemoteSwiftPackageReference;
			repositoryURL = "https://github.com/onevcat/Kingfisher.git";
			requirement = {
				kind = upToNextMajorVersion;
				minimumVersion = 7.10.1;
			};
		};
/* End XCRemoteSwiftPackageReference section */

/* Begin XCSwiftPackageProductDependency section */
		ACB8D68D2B4BE975005D9214 /* Kingfisher */ = {
			isa = XCSwiftPackageProductDependency;
			package = ACB8D68C2B4BE975005D9214 /* XCRemoteSwiftPackageReference "Kingfisher" */;
			productName = Kingfisher;
		};
/* End XCSwiftPackageProductDependency section */
	};
	rootObject = ACB8D6692B4BE4E2005D9214 /* Project object */;
}
