// !$*UTF8*$!
{
	archiveVersion = 1;
	classes = {
	};
	objectVersion = 56;
	objects = {

/* Begin PBXBuildFile section */
		AC27C9B12B6A6DE7002BDB0F /* AppDelegate.swift in Sources */ = {isa = PBXBuildFile; fileRef = AC27C9B02B6A6DE7002BDB0F /* AppDelegate.swift */; };
		AC27C9B32B6A6DE7002BDB0F /* SceneDelegate.swift in Sources */ = {isa = PBXBuildFile; fileRef = AC27C9B22B6A6DE7002BDB0F /* SceneDelegate.swift */; };
		AC27C9B52B6A6DE7002BDB0F /* MainViewController.swift in Sources */ = {isa = PBXBuildFile; fileRef = AC27C9B42B6A6DE7002BDB0F /* MainViewController.swift */; };
		AC27C9B82B6A6DE7002BDB0F /* Main.storyboard in Resources */ = {isa = PBXBuildFile; fileRef = AC27C9B62B6A6DE7002BDB0F /* Main.storyboard */; };
		AC27C9BA2B6A6DE8002BDB0F /* Assets.xcassets in Resources */ = {isa = PBXBuildFile; fileRef = AC27C9B92B6A6DE8002BDB0F /* Assets.xcassets */; };
		AC27C9BD2B6A6DE8002BDB0F /* LaunchScreen.storyboard in Resources */ = {isa = PBXBuildFile; fileRef = AC27C9BB2B6A6DE8002BDB0F /* LaunchScreen.storyboard */; };
		AC27C9C52B6A6E52002BDB0F /* .gitignore in Resources */ = {isa = PBXBuildFile; fileRef = AC27C9C42B6A6E52002BDB0F /* .gitignore */; };
		AC27C9C72B6A6F0D002BDB0F /* MainView.swift in Sources */ = {isa = PBXBuildFile; fileRef = AC27C9C62B6A6F0D002BDB0F /* MainView.swift */; };
		AC27C9CA2B6A6F36002BDB0F /* SnapKit in Frameworks */ = {isa = PBXBuildFile; productRef = AC27C9C92B6A6F36002BDB0F /* SnapKit */; };
		AC27C9CC2B6A6F36002BDB0F /* SnapKit-Dynamic in Frameworks */ = {isa = PBXBuildFile; productRef = AC27C9CB2B6A6F36002BDB0F /* SnapKit-Dynamic */; };
		AC27C9CF2B6A6F40002BDB0F /* Alamofire in Frameworks */ = {isa = PBXBuildFile; productRef = AC27C9CE2B6A6F40002BDB0F /* Alamofire */; };
		AC27C9D22B6A6F49002BDB0F /* Kingfisher in Frameworks */ = {isa = PBXBuildFile; productRef = AC27C9D12B6A6F49002BDB0F /* Kingfisher */; };
		AC27C9D42B6A6F92002BDB0F /* BaseViewController.swift in Sources */ = {isa = PBXBuildFile; fileRef = AC27C9D32B6A6F92002BDB0F /* BaseViewController.swift */; };
		AC27C9D82B6A8A77002BDB0F /* BaseView.swift in Sources */ = {isa = PBXBuildFile; fileRef = AC27C9D72B6A8A77002BDB0F /* BaseView.swift */; };
		AC27C9DB2B6A8B39002BDB0F /* Consts.swift in Sources */ = {isa = PBXBuildFile; fileRef = AC27C9DA2B6A8B39002BDB0F /* Consts.swift */; };
		AC27C9DE2B6A8C38002BDB0F /* TitleLabel.swift in Sources */ = {isa = PBXBuildFile; fileRef = AC27C9DD2B6A8C38002BDB0F /* TitleLabel.swift */; };
		AC27C9E02B6A8CFA002BDB0F /* HeadLabel.swift in Sources */ = {isa = PBXBuildFile; fileRef = AC27C9DF2B6A8CFA002BDB0F /* HeadLabel.swift */; };
		AC27C9E22B6A8D36002BDB0F /* BasicLabel.swift in Sources */ = {isa = PBXBuildFile; fileRef = AC27C9E12B6A8D36002BDB0F /* BasicLabel.swift */; };
		AC27C9E42B6A97D8002BDB0F /* APIManager.swift in Sources */ = {isa = PBXBuildFile; fileRef = AC27C9E32B6A97D8002BDB0F /* APIManager.swift */; };
		AC27C9E62B6A9D56002BDB0F /* APIKey.swift in Sources */ = {isa = PBXBuildFile; fileRef = AC27C9E52B6A9D56002BDB0F /* APIKey.swift */; };
		AC27C9E82B6AA35B002BDB0F /* TVDetailsModel.swift in Sources */ = {isa = PBXBuildFile; fileRef = AC27C9E72B6AA35B002BDB0F /* TVDetailsModel.swift */; };
		AC27C9EA2B6AA998002BDB0F /* TVCastingModel.swift in Sources */ = {isa = PBXBuildFile; fileRef = AC27C9E92B6AA998002BDB0F /* TVCastingModel.swift */; };
		AC27C9EC2B6AABBB002BDB0F /* TVRecommendModel.swift in Sources */ = {isa = PBXBuildFile; fileRef = AC27C9EB2B6AABBB002BDB0F /* TVRecommendModel.swift */; };
		AC27C9EE2B6AAE71002BDB0F /* ActorCollectionViewCell.swift in Sources */ = {isa = PBXBuildFile; fileRef = AC27C9ED2B6AAE71002BDB0F /* ActorCollectionViewCell.swift */; };
		AC27C9F12B6AAEFA002BDB0F /* ViewProtocol.swift in Sources */ = {isa = PBXBuildFile; fileRef = AC27C9F02B6AAEFA002BDB0F /* ViewProtocol.swift */; };
		AC27C9F32B6AC261002BDB0F /* RecommendCollectionViewCell.swift in Sources */ = {isa = PBXBuildFile; fileRef = AC27C9F22B6AC261002BDB0F /* RecommendCollectionViewCell.swift */; };
		AC3DEEF62B6CDD4B003407ED /* TVSeriesSections.swift in Sources */ = {isa = PBXBuildFile; fileRef = AC3DEEF52B6CDD4B003407ED /* TVSeriesSections.swift */; };
		AC3DEEF82B6CE15D003407ED /* TMDBAPI.swift in Sources */ = {isa = PBXBuildFile; fileRef = AC3DEEF72B6CE15D003407ED /* TMDBAPI.swift */; };
		AC48FDFB2B7016680088638A /* HeaderCollectionReusableView.swift in Sources */ = {isa = PBXBuildFile; fileRef = AC48FDFA2B7016680088638A /* HeaderCollectionReusableView.swift */; };
		ACB1DE762B6EA76C00137F4A /* TryViewController.swift in Sources */ = {isa = PBXBuildFile; fileRef = ACB1DE752B6EA76C00137F4A /* TryViewController.swift */; };
		ACB1DE782B6EA78300137F4A /* TryView.swift in Sources */ = {isa = PBXBuildFile; fileRef = ACB1DE772B6EA78300137F4A /* TryView.swift */; };
		ACB1DE7B2B6FE85B00137F4A /* DetailsCollectionViewCell.swift in Sources */ = {isa = PBXBuildFile; fileRef = ACB1DE7A2B6FE85B00137F4A /* DetailsCollectionViewCell.swift */; };
		ACB1DE802B6FE8F400137F4A /* UIView++.swift in Sources */ = {isa = PBXBuildFile; fileRef = ACB1DE7F2B6FE8F400137F4A /* UIView++.swift */; };
/* End PBXBuildFile section */

/* Begin PBXFileReference section */
		AC27C9AD2B6A6DE7002BDB0F /* SeSAC_Assignment_0131.app */ = {isa = PBXFileReference; explicitFileType = wrapper.application; includeInIndex = 0; path = SeSAC_Assignment_0131.app; sourceTree = BUILT_PRODUCTS_DIR; };
		AC27C9B02B6A6DE7002BDB0F /* AppDelegate.swift */ = {isa = PBXFileReference; lastKnownFileType = sourcecode.swift; path = AppDelegate.swift; sourceTree = "<group>"; };
		AC27C9B22B6A6DE7002BDB0F /* SceneDelegate.swift */ = {isa = PBXFileReference; lastKnownFileType = sourcecode.swift; path = SceneDelegate.swift; sourceTree = "<group>"; };
		AC27C9B42B6A6DE7002BDB0F /* MainViewController.swift */ = {isa = PBXFileReference; lastKnownFileType = sourcecode.swift; path = MainViewController.swift; sourceTree = "<group>"; };
		AC27C9B72B6A6DE7002BDB0F /* Base */ = {isa = PBXFileReference; lastKnownFileType = file.storyboard; name = Base; path = Base.lproj/Main.storyboard; sourceTree = "<group>"; };
		AC27C9B92B6A6DE8002BDB0F /* Assets.xcassets */ = {isa = PBXFileReference; lastKnownFileType = folder.assetcatalog; path = Assets.xcassets; sourceTree = "<group>"; };
		AC27C9BC2B6A6DE8002BDB0F /* Base */ = {isa = PBXFileReference; lastKnownFileType = file.storyboard; name = Base; path = Base.lproj/LaunchScreen.storyboard; sourceTree = "<group>"; };
		AC27C9BE2B6A6DE8002BDB0F /* Info.plist */ = {isa = PBXFileReference; lastKnownFileType = text.plist.xml; path = Info.plist; sourceTree = "<group>"; };
		AC27C9C42B6A6E52002BDB0F /* .gitignore */ = {isa = PBXFileReference; lastKnownFileType = text; path = .gitignore; sourceTree = "<group>"; };
		AC27C9C62B6A6F0D002BDB0F /* MainView.swift */ = {isa = PBXFileReference; lastKnownFileType = sourcecode.swift; path = MainView.swift; sourceTree = "<group>"; };
		AC27C9D32B6A6F92002BDB0F /* BaseViewController.swift */ = {isa = PBXFileReference; lastKnownFileType = sourcecode.swift; path = BaseViewController.swift; sourceTree = "<group>"; };
		AC27C9D72B6A8A77002BDB0F /* BaseView.swift */ = {isa = PBXFileReference; lastKnownFileType = sourcecode.swift; path = BaseView.swift; sourceTree = "<group>"; };
		AC27C9DA2B6A8B39002BDB0F /* Consts.swift */ = {isa = PBXFileReference; lastKnownFileType = sourcecode.swift; path = Consts.swift; sourceTree = "<group>"; };
		AC27C9DD2B6A8C38002BDB0F /* TitleLabel.swift */ = {isa = PBXFileReference; lastKnownFileType = sourcecode.swift; path = TitleLabel.swift; sourceTree = "<group>"; };
		AC27C9DF2B6A8CFA002BDB0F /* HeadLabel.swift */ = {isa = PBXFileReference; lastKnownFileType = sourcecode.swift; path = HeadLabel.swift; sourceTree = "<group>"; };
		AC27C9E12B6A8D36002BDB0F /* BasicLabel.swift */ = {isa = PBXFileReference; lastKnownFileType = sourcecode.swift; path = BasicLabel.swift; sourceTree = "<group>"; };
		AC27C9E32B6A97D8002BDB0F /* APIManager.swift */ = {isa = PBXFileReference; lastKnownFileType = sourcecode.swift; path = APIManager.swift; sourceTree = "<group>"; };
		AC27C9E52B6A9D56002BDB0F /* APIKey.swift */ = {isa = PBXFileReference; lastKnownFileType = sourcecode.swift; path = APIKey.swift; sourceTree = "<group>"; };
		AC27C9E72B6AA35B002BDB0F /* TVDetailsModel.swift */ = {isa = PBXFileReference; lastKnownFileType = sourcecode.swift; path = TVDetailsModel.swift; sourceTree = "<group>"; };
		AC27C9E92B6AA998002BDB0F /* TVCastingModel.swift */ = {isa = PBXFileReference; lastKnownFileType = sourcecode.swift; path = TVCastingModel.swift; sourceTree = "<group>"; };
		AC27C9EB2B6AABBB002BDB0F /* TVRecommendModel.swift */ = {isa = PBXFileReference; lastKnownFileType = sourcecode.swift; path = TVRecommendModel.swift; sourceTree = "<group>"; };
		AC27C9ED2B6AAE71002BDB0F /* ActorCollectionViewCell.swift */ = {isa = PBXFileReference; lastKnownFileType = sourcecode.swift; path = ActorCollectionViewCell.swift; sourceTree = "<group>"; };
		AC27C9F02B6AAEFA002BDB0F /* ViewProtocol.swift */ = {isa = PBXFileReference; lastKnownFileType = sourcecode.swift; path = ViewProtocol.swift; sourceTree = "<group>"; };
		AC27C9F22B6AC261002BDB0F /* RecommendCollectionViewCell.swift */ = {isa = PBXFileReference; lastKnownFileType = sourcecode.swift; path = RecommendCollectionViewCell.swift; sourceTree = "<group>"; };
		AC3DEEF52B6CDD4B003407ED /* TVSeriesSections.swift */ = {isa = PBXFileReference; lastKnownFileType = sourcecode.swift; path = TVSeriesSections.swift; sourceTree = "<group>"; };
		AC3DEEF72B6CE15D003407ED /* TMDBAPI.swift */ = {isa = PBXFileReference; lastKnownFileType = sourcecode.swift; path = TMDBAPI.swift; sourceTree = "<group>"; };
		AC48FDFA2B7016680088638A /* HeaderCollectionReusableView.swift */ = {isa = PBXFileReference; lastKnownFileType = sourcecode.swift; path = HeaderCollectionReusableView.swift; sourceTree = "<group>"; };
		ACB1DE752B6EA76C00137F4A /* TryViewController.swift */ = {isa = PBXFileReference; lastKnownFileType = sourcecode.swift; path = TryViewController.swift; sourceTree = "<group>"; };
		ACB1DE772B6EA78300137F4A /* TryView.swift */ = {isa = PBXFileReference; lastKnownFileType = sourcecode.swift; path = TryView.swift; sourceTree = "<group>"; };
		ACB1DE7A2B6FE85B00137F4A /* DetailsCollectionViewCell.swift */ = {isa = PBXFileReference; lastKnownFileType = sourcecode.swift; path = DetailsCollectionViewCell.swift; sourceTree = "<group>"; };
		ACB1DE7F2B6FE8F400137F4A /* UIView++.swift */ = {isa = PBXFileReference; lastKnownFileType = sourcecode.swift; path = "UIView++.swift"; sourceTree = "<group>"; };
/* End PBXFileReference section */

/* Begin PBXFrameworksBuildPhase section */
		AC27C9AA2B6A6DE7002BDB0F /* Frameworks */ = {
			isa = PBXFrameworksBuildPhase;
			buildActionMask = 2147483647;
			files = (
				AC27C9D22B6A6F49002BDB0F /* Kingfisher in Frameworks */,
				AC27C9CF2B6A6F40002BDB0F /* Alamofire in Frameworks */,
				AC27C9CA2B6A6F36002BDB0F /* SnapKit in Frameworks */,
				AC27C9CC2B6A6F36002BDB0F /* SnapKit-Dynamic in Frameworks */,
			);
			runOnlyForDeploymentPostprocessing = 0;
		};
/* End PBXFrameworksBuildPhase section */

/* Begin PBXGroup section */
		AC27C9A42B6A6DE7002BDB0F = {
			isa = PBXGroup;
			children = (
				AC27C9C42B6A6E52002BDB0F /* .gitignore */,
				AC27C9AF2B6A6DE7002BDB0F /* SeSAC_Assignment_0131 */,
				AC27C9AE2B6A6DE7002BDB0F /* Products */,
			);
			sourceTree = "<group>";
		};
		AC27C9AE2B6A6DE7002BDB0F /* Products */ = {
			isa = PBXGroup;
			children = (
				AC27C9AD2B6A6DE7002BDB0F /* SeSAC_Assignment_0131.app */,
			);
			name = Products;
			sourceTree = "<group>";
		};
		AC27C9AF2B6A6DE7002BDB0F /* SeSAC_Assignment_0131 */ = {
			isa = PBXGroup;
			children = (
				ACB1DE7E2B6FE89200137F4A /* Extension */,
				ACB1DE792B6F2BDB00137F4A /* Network */,
				AC27C9DC2B6A8C13002BDB0F /* Custom */,
				ACBF43062B6AD2A3007ED3A8 /* Model */,
				AC27C9EF2B6AAEEF002BDB0F /* Protocol */,
				AC27C9D92B6A8B29002BDB0F /* Consts */,
				AC27C9D62B6A6FA6002BDB0F /* View */,
				AC27C9D52B6A6F98002BDB0F /* ViewController */,
				AC27C9B02B6A6DE7002BDB0F /* AppDelegate.swift */,
				AC27C9B22B6A6DE7002BDB0F /* SceneDelegate.swift */,
				AC27C9B62B6A6DE7002BDB0F /* Main.storyboard */,
				AC27C9B92B6A6DE8002BDB0F /* Assets.xcassets */,
				AC27C9BB2B6A6DE8002BDB0F /* LaunchScreen.storyboard */,
				AC27C9BE2B6A6DE8002BDB0F /* Info.plist */,
			);
			path = SeSAC_Assignment_0131;
			sourceTree = "<group>";
		};
		AC27C9D52B6A6F98002BDB0F /* ViewController */ = {
			isa = PBXGroup;
			children = (
				AC27C9D32B6A6F92002BDB0F /* BaseViewController.swift */,
				AC27C9B42B6A6DE7002BDB0F /* MainViewController.swift */,
				ACB1DE7A2B6FE85B00137F4A /* DetailsCollectionViewCell.swift */,
				AC27C9ED2B6AAE71002BDB0F /* ActorCollectionViewCell.swift */,
				AC27C9F22B6AC261002BDB0F /* RecommendCollectionViewCell.swift */,
				ACB1DE752B6EA76C00137F4A /* TryViewController.swift */,
			);
			path = ViewController;
			sourceTree = "<group>";
		};
		AC27C9D62B6A6FA6002BDB0F /* View */ = {
			isa = PBXGroup;
			children = (
				AC27C9D72B6A8A77002BDB0F /* BaseView.swift */,
				AC27C9C62B6A6F0D002BDB0F /* MainView.swift */,
				ACB1DE772B6EA78300137F4A /* TryView.swift */,
				AC48FDFA2B7016680088638A /* HeaderCollectionReusableView.swift */,
			);
			path = View;
			sourceTree = "<group>";
		};
		AC27C9D92B6A8B29002BDB0F /* Consts */ = {
			isa = PBXGroup;
			children = (
				AC27C9DA2B6A8B39002BDB0F /* Consts.swift */,
			);
			path = Consts;
			sourceTree = "<group>";
		};
		AC27C9DC2B6A8C13002BDB0F /* Custom */ = {
			isa = PBXGroup;
			children = (
				AC27C9DD2B6A8C38002BDB0F /* TitleLabel.swift */,
				AC27C9DF2B6A8CFA002BDB0F /* HeadLabel.swift */,
				AC27C9E12B6A8D36002BDB0F /* BasicLabel.swift */,
			);
			path = Custom;
			sourceTree = "<group>";
		};
		AC27C9EF2B6AAEEF002BDB0F /* Protocol */ = {
			isa = PBXGroup;
			children = (
				AC27C9F02B6AAEFA002BDB0F /* ViewProtocol.swift */,
			);
			path = Protocol;
			sourceTree = "<group>";
		};
		ACB1DE792B6F2BDB00137F4A /* Network */ = {
			isa = PBXGroup;
			children = (
				AC27C9E52B6A9D56002BDB0F /* APIKey.swift */,
				AC27C9E32B6A97D8002BDB0F /* APIManager.swift */,
				AC3DEEF72B6CE15D003407ED /* TMDBAPI.swift */,
			);
			path = Network;
			sourceTree = "<group>";
		};
		ACB1DE7E2B6FE89200137F4A /* Extension */ = {
			isa = PBXGroup;
			children = (
				ACB1DE7F2B6FE8F400137F4A /* UIView++.swift */,
			);
			path = Extension;
			sourceTree = "<group>";
		};
		ACBF43062B6AD2A3007ED3A8 /* Model */ = {
			isa = PBXGroup;
			children = (
				AC27C9E72B6AA35B002BDB0F /* TVDetailsModel.swift */,
				AC27C9E92B6AA998002BDB0F /* TVCastingModel.swift */,
				AC27C9EB2B6AABBB002BDB0F /* TVRecommendModel.swift */,
				AC3DEEF52B6CDD4B003407ED /* TVSeriesSections.swift */,
			);
			path = Model;
			sourceTree = "<group>";
		};
/* End PBXGroup section */

/* Begin PBXNativeTarget section */
		AC27C9AC2B6A6DE7002BDB0F /* SeSAC_Assignment_0131 */ = {
			isa = PBXNativeTarget;
			buildConfigurationList = AC27C9C12B6A6DE8002BDB0F /* Build configuration list for PBXNativeTarget "SeSAC_Assignment_0131" */;
			buildPhases = (
				AC27C9A92B6A6DE7002BDB0F /* Sources */,
				AC27C9AA2B6A6DE7002BDB0F /* Frameworks */,
				AC27C9AB2B6A6DE7002BDB0F /* Resources */,
			);
			buildRules = (
			);
			dependencies = (
			);
			name = SeSAC_Assignment_0131;
			packageProductDependencies = (
				AC27C9C92B6A6F36002BDB0F /* SnapKit */,
				AC27C9CB2B6A6F36002BDB0F /* SnapKit-Dynamic */,
				AC27C9CE2B6A6F40002BDB0F /* Alamofire */,
				AC27C9D12B6A6F49002BDB0F /* Kingfisher */,
			);
			productName = SeSAC_Assignment_0131;
			productReference = AC27C9AD2B6A6DE7002BDB0F /* SeSAC_Assignment_0131.app */;
			productType = "com.apple.product-type.application";
		};
/* End PBXNativeTarget section */

/* Begin PBXProject section */
		AC27C9A52B6A6DE7002BDB0F /* Project object */ = {
			isa = PBXProject;
			attributes = {
				BuildIndependentTargetsInParallel = 1;
				LastSwiftUpdateCheck = 1520;
				LastUpgradeCheck = 1520;
				TargetAttributes = {
					AC27C9AC2B6A6DE7002BDB0F = {
						CreatedOnToolsVersion = 15.2;
					};
				};
			};
			buildConfigurationList = AC27C9A82B6A6DE7002BDB0F /* Build configuration list for PBXProject "SeSAC_Assignment_0131" */;
			compatibilityVersion = "Xcode 14.0";
			developmentRegion = en;
			hasScannedForEncodings = 0;
			knownRegions = (
				en,
				Base,
			);
			mainGroup = AC27C9A42B6A6DE7002BDB0F;
			packageReferences = (
				AC27C9C82B6A6F36002BDB0F /* XCRemoteSwiftPackageReference "SnapKit" */,
				AC27C9CD2B6A6F40002BDB0F /* XCRemoteSwiftPackageReference "Alamofire" */,
				AC27C9D02B6A6F49002BDB0F /* XCRemoteSwiftPackageReference "Kingfisher" */,
			);
			productRefGroup = AC27C9AE2B6A6DE7002BDB0F /* Products */;
			projectDirPath = "";
			projectRoot = "";
			targets = (
				AC27C9AC2B6A6DE7002BDB0F /* SeSAC_Assignment_0131 */,
			);
		};
/* End PBXProject section */

/* Begin PBXResourcesBuildPhase section */
		AC27C9AB2B6A6DE7002BDB0F /* Resources */ = {
			isa = PBXResourcesBuildPhase;
			buildActionMask = 2147483647;
			files = (
				AC27C9C52B6A6E52002BDB0F /* .gitignore in Resources */,
				AC27C9BD2B6A6DE8002BDB0F /* LaunchScreen.storyboard in Resources */,
				AC27C9BA2B6A6DE8002BDB0F /* Assets.xcassets in Resources */,
				AC27C9B82B6A6DE7002BDB0F /* Main.storyboard in Resources */,
			);
			runOnlyForDeploymentPostprocessing = 0;
		};
/* End PBXResourcesBuildPhase section */

/* Begin PBXSourcesBuildPhase section */
		AC27C9A92B6A6DE7002BDB0F /* Sources */ = {
			isa = PBXSourcesBuildPhase;
			buildActionMask = 2147483647;
			files = (
				AC27C9E02B6A8CFA002BDB0F /* HeadLabel.swift in Sources */,
				AC27C9D42B6A6F92002BDB0F /* BaseViewController.swift in Sources */,
				AC27C9B52B6A6DE7002BDB0F /* MainViewController.swift in Sources */,
				ACB1DE802B6FE8F400137F4A /* UIView++.swift in Sources */,
				AC27C9C72B6A6F0D002BDB0F /* MainView.swift in Sources */,
				AC27C9E42B6A97D8002BDB0F /* APIManager.swift in Sources */,
				AC27C9EA2B6AA998002BDB0F /* TVCastingModel.swift in Sources */,
				ACB1DE762B6EA76C00137F4A /* TryViewController.swift in Sources */,
				AC48FDFB2B7016680088638A /* HeaderCollectionReusableView.swift in Sources */,
				AC27C9D82B6A8A77002BDB0F /* BaseView.swift in Sources */,
				ACB1DE782B6EA78300137F4A /* TryView.swift in Sources */,
				AC27C9F12B6AAEFA002BDB0F /* ViewProtocol.swift in Sources */,
				AC27C9DE2B6A8C38002BDB0F /* TitleLabel.swift in Sources */,
				AC27C9EE2B6AAE71002BDB0F /* ActorCollectionViewCell.swift in Sources */,
				AC27C9EC2B6AABBB002BDB0F /* TVRecommendModel.swift in Sources */,
				AC27C9DB2B6A8B39002BDB0F /* Consts.swift in Sources */,
				AC3DEEF82B6CE15D003407ED /* TMDBAPI.swift in Sources */,
				AC3DEEF62B6CDD4B003407ED /* TVSeriesSections.swift in Sources */,
				ACB1DE7B2B6FE85B00137F4A /* DetailsCollectionViewCell.swift in Sources */,
				AC27C9B12B6A6DE7002BDB0F /* AppDelegate.swift in Sources */,
				AC27C9E82B6AA35B002BDB0F /* TVDetailsModel.swift in Sources */,
				AC27C9B32B6A6DE7002BDB0F /* SceneDelegate.swift in Sources */,
				AC27C9E62B6A9D56002BDB0F /* APIKey.swift in Sources */,
				AC27C9E22B6A8D36002BDB0F /* BasicLabel.swift in Sources */,
				AC27C9F32B6AC261002BDB0F /* RecommendCollectionViewCell.swift in Sources */,
			);
			runOnlyForDeploymentPostprocessing = 0;
		};
/* End PBXSourcesBuildPhase section */

/* Begin PBXVariantGroup section */
		AC27C9B62B6A6DE7002BDB0F /* Main.storyboard */ = {
			isa = PBXVariantGroup;
			children = (
				AC27C9B72B6A6DE7002BDB0F /* Base */,
			);
			name = Main.storyboard;
			sourceTree = "<group>";
		};
		AC27C9BB2B6A6DE8002BDB0F /* LaunchScreen.storyboard */ = {
			isa = PBXVariantGroup;
			children = (
				AC27C9BC2B6A6DE8002BDB0F /* Base */,
			);
			name = LaunchScreen.storyboard;
			sourceTree = "<group>";
		};
/* End PBXVariantGroup section */

/* Begin XCBuildConfiguration section */
		AC27C9BF2B6A6DE8002BDB0F /* Debug */ = {
			isa = XCBuildConfiguration;
			buildSettings = {
				ALWAYS_SEARCH_USER_PATHS = NO;
				ASSETCATALOG_COMPILER_GENERATE_SWIFT_ASSET_SYMBOL_EXTENSIONS = YES;
				CLANG_ANALYZER_NONNULL = YES;
				CLANG_ANALYZER_NUMBER_OBJECT_CONVERSION = YES_AGGRESSIVE;
				CLANG_CXX_LANGUAGE_STANDARD = "gnu++20";
				CLANG_ENABLE_MODULES = YES;
				CLANG_ENABLE_OBJC_ARC = YES;
				CLANG_ENABLE_OBJC_WEAK = YES;
				CLANG_WARN_BLOCK_CAPTURE_AUTORELEASING = YES;
				CLANG_WARN_BOOL_CONVERSION = YES;
				CLANG_WARN_COMMA = YES;
				CLANG_WARN_CONSTANT_CONVERSION = YES;
				CLANG_WARN_DEPRECATED_OBJC_IMPLEMENTATIONS = YES;
				CLANG_WARN_DIRECT_OBJC_ISA_USAGE = YES_ERROR;
				CLANG_WARN_DOCUMENTATION_COMMENTS = YES;
				CLANG_WARN_EMPTY_BODY = YES;
				CLANG_WARN_ENUM_CONVERSION = YES;
				CLANG_WARN_INFINITE_RECURSION = YES;
				CLANG_WARN_INT_CONVERSION = YES;
				CLANG_WARN_NON_LITERAL_NULL_CONVERSION = YES;
				CLANG_WARN_OBJC_IMPLICIT_RETAIN_SELF = YES;
				CLANG_WARN_OBJC_LITERAL_CONVERSION = YES;
				CLANG_WARN_OBJC_ROOT_CLASS = YES_ERROR;
				CLANG_WARN_QUOTED_INCLUDE_IN_FRAMEWORK_HEADER = YES;
				CLANG_WARN_RANGE_LOOP_ANALYSIS = YES;
				CLANG_WARN_STRICT_PROTOTYPES = YES;
				CLANG_WARN_SUSPICIOUS_MOVE = YES;
				CLANG_WARN_UNGUARDED_AVAILABILITY = YES_AGGRESSIVE;
				CLANG_WARN_UNREACHABLE_CODE = YES;
				CLANG_WARN__DUPLICATE_METHOD_MATCH = YES;
				COPY_PHASE_STRIP = NO;
				DEBUG_INFORMATION_FORMAT = dwarf;
				ENABLE_STRICT_OBJC_MSGSEND = YES;
				ENABLE_TESTABILITY = YES;
				ENABLE_USER_SCRIPT_SANDBOXING = YES;
				GCC_C_LANGUAGE_STANDARD = gnu17;
				GCC_DYNAMIC_NO_PIC = NO;
				GCC_NO_COMMON_BLOCKS = YES;
				GCC_OPTIMIZATION_LEVEL = 0;
				GCC_PREPROCESSOR_DEFINITIONS = (
					"DEBUG=1",
					"$(inherited)",
				);
				GCC_WARN_64_TO_32_BIT_CONVERSION = YES;
				GCC_WARN_ABOUT_RETURN_TYPE = YES_ERROR;
				GCC_WARN_UNDECLARED_SELECTOR = YES;
				GCC_WARN_UNINITIALIZED_AUTOS = YES_AGGRESSIVE;
				GCC_WARN_UNUSED_FUNCTION = YES;
				GCC_WARN_UNUSED_VARIABLE = YES;
				IPHONEOS_DEPLOYMENT_TARGET = 17.2;
				LOCALIZATION_PREFERS_STRING_CATALOGS = YES;
				MTL_ENABLE_DEBUG_INFO = INCLUDE_SOURCE;
				MTL_FAST_MATH = YES;
				ONLY_ACTIVE_ARCH = YES;
				SDKROOT = iphoneos;
				SWIFT_ACTIVE_COMPILATION_CONDITIONS = "DEBUG $(inherited)";
				SWIFT_OPTIMIZATION_LEVEL = "-Onone";
			};
			name = Debug;
		};
		AC27C9C02B6A6DE8002BDB0F /* Release */ = {
			isa = XCBuildConfiguration;
			buildSettings = {
				ALWAYS_SEARCH_USER_PATHS = NO;
				ASSETCATALOG_COMPILER_GENERATE_SWIFT_ASSET_SYMBOL_EXTENSIONS = YES;
				CLANG_ANALYZER_NONNULL = YES;
				CLANG_ANALYZER_NUMBER_OBJECT_CONVERSION = YES_AGGRESSIVE;
				CLANG_CXX_LANGUAGE_STANDARD = "gnu++20";
				CLANG_ENABLE_MODULES = YES;
				CLANG_ENABLE_OBJC_ARC = YES;
				CLANG_ENABLE_OBJC_WEAK = YES;
				CLANG_WARN_BLOCK_CAPTURE_AUTORELEASING = YES;
				CLANG_WARN_BOOL_CONVERSION = YES;
				CLANG_WARN_COMMA = YES;
				CLANG_WARN_CONSTANT_CONVERSION = YES;
				CLANG_WARN_DEPRECATED_OBJC_IMPLEMENTATIONS = YES;
				CLANG_WARN_DIRECT_OBJC_ISA_USAGE = YES_ERROR;
				CLANG_WARN_DOCUMENTATION_COMMENTS = YES;
				CLANG_WARN_EMPTY_BODY = YES;
				CLANG_WARN_ENUM_CONVERSION = YES;
				CLANG_WARN_INFINITE_RECURSION = YES;
				CLANG_WARN_INT_CONVERSION = YES;
				CLANG_WARN_NON_LITERAL_NULL_CONVERSION = YES;
				CLANG_WARN_OBJC_IMPLICIT_RETAIN_SELF = YES;
				CLANG_WARN_OBJC_LITERAL_CONVERSION = YES;
				CLANG_WARN_OBJC_ROOT_CLASS = YES_ERROR;
				CLANG_WARN_QUOTED_INCLUDE_IN_FRAMEWORK_HEADER = YES;
				CLANG_WARN_RANGE_LOOP_ANALYSIS = YES;
				CLANG_WARN_STRICT_PROTOTYPES = YES;
				CLANG_WARN_SUSPICIOUS_MOVE = YES;
				CLANG_WARN_UNGUARDED_AVAILABILITY = YES_AGGRESSIVE;
				CLANG_WARN_UNREACHABLE_CODE = YES;
				CLANG_WARN__DUPLICATE_METHOD_MATCH = YES;
				COPY_PHASE_STRIP = NO;
				DEBUG_INFORMATION_FORMAT = "dwarf-with-dsym";
				ENABLE_NS_ASSERTIONS = NO;
				ENABLE_STRICT_OBJC_MSGSEND = YES;
				ENABLE_USER_SCRIPT_SANDBOXING = YES;
				GCC_C_LANGUAGE_STANDARD = gnu17;
				GCC_NO_COMMON_BLOCKS = YES;
				GCC_WARN_64_TO_32_BIT_CONVERSION = YES;
				GCC_WARN_ABOUT_RETURN_TYPE = YES_ERROR;
				GCC_WARN_UNDECLARED_SELECTOR = YES;
				GCC_WARN_UNINITIALIZED_AUTOS = YES_AGGRESSIVE;
				GCC_WARN_UNUSED_FUNCTION = YES;
				GCC_WARN_UNUSED_VARIABLE = YES;
				IPHONEOS_DEPLOYMENT_TARGET = 17.2;
				LOCALIZATION_PREFERS_STRING_CATALOGS = YES;
				MTL_ENABLE_DEBUG_INFO = NO;
				MTL_FAST_MATH = YES;
				SDKROOT = iphoneos;
				SWIFT_COMPILATION_MODE = wholemodule;
				VALIDATE_PRODUCT = YES;
			};
			name = Release;
		};
		AC27C9C22B6A6DE8002BDB0F /* Debug */ = {
			isa = XCBuildConfiguration;
			buildSettings = {
				ASSETCATALOG_COMPILER_APPICON_NAME = AppIcon;
				ASSETCATALOG_COMPILER_GLOBAL_ACCENT_COLOR_NAME = AccentColor;
				CODE_SIGN_STYLE = Automatic;
				CURRENT_PROJECT_VERSION = 1;
				DEVELOPMENT_TEAM = 92Y6UC7Q5M;
				GENERATE_INFOPLIST_FILE = YES;
				INFOPLIST_FILE = SeSAC_Assignment_0131/Info.plist;
				INFOPLIST_KEY_UIApplicationSupportsIndirectInputEvents = YES;
				INFOPLIST_KEY_UILaunchStoryboardName = LaunchScreen;
				INFOPLIST_KEY_UIMainStoryboardFile = Main;
				INFOPLIST_KEY_UISupportedInterfaceOrientations = UIInterfaceOrientationPortrait;
				INFOPLIST_KEY_UISupportedInterfaceOrientations_iPad = "UIInterfaceOrientationLandscapeLeft UIInterfaceOrientationLandscapeRight UIInterfaceOrientationPortrait UIInterfaceOrientationPortraitUpsideDown";
				LD_RUNPATH_SEARCH_PATHS = (
					"$(inherited)",
					"@executable_path/Frameworks",
				);
				MARKETING_VERSION = 1.0;
				PRODUCT_BUNDLE_IDENTIFIER = "com.donotinto.SeSAC-Assignment-0131";
				PRODUCT_NAME = "$(TARGET_NAME)";
				SUPPORTED_PLATFORMS = "iphoneos iphonesimulator";
				SUPPORTS_MACCATALYST = NO;
				SUPPORTS_MAC_DESIGNED_FOR_IPHONE_IPAD = NO;
				SUPPORTS_XR_DESIGNED_FOR_IPHONE_IPAD = NO;
				SWIFT_EMIT_LOC_STRINGS = YES;
				SWIFT_VERSION = 5.0;
				TARGETED_DEVICE_FAMILY = 1;
			};
			name = Debug;
		};
		AC27C9C32B6A6DE8002BDB0F /* Release */ = {
			isa = XCBuildConfiguration;
			buildSettings = {
				ASSETCATALOG_COMPILER_APPICON_NAME = AppIcon;
				ASSETCATALOG_COMPILER_GLOBAL_ACCENT_COLOR_NAME = AccentColor;
				CODE_SIGN_STYLE = Automatic;
				CURRENT_PROJECT_VERSION = 1;
				DEVELOPMENT_TEAM = 92Y6UC7Q5M;
				GENERATE_INFOPLIST_FILE = YES;
				INFOPLIST_FILE = SeSAC_Assignment_0131/Info.plist;
				INFOPLIST_KEY_UIApplicationSupportsIndirectInputEvents = YES;
				INFOPLIST_KEY_UILaunchStoryboardName = LaunchScreen;
				INFOPLIST_KEY_UIMainStoryboardFile = Main;
				INFOPLIST_KEY_UISupportedInterfaceOrientations = UIInterfaceOrientationPortrait;
				INFOPLIST_KEY_UISupportedInterfaceOrientations_iPad = "UIInterfaceOrientationLandscapeLeft UIInterfaceOrientationLandscapeRight UIInterfaceOrientationPortrait UIInterfaceOrientationPortraitUpsideDown";
				LD_RUNPATH_SEARCH_PATHS = (
					"$(inherited)",
					"@executable_path/Frameworks",
				);
				MARKETING_VERSION = 1.0;
				PRODUCT_BUNDLE_IDENTIFIER = "com.donotinto.SeSAC-Assignment-0131";
				PRODUCT_NAME = "$(TARGET_NAME)";
				SUPPORTED_PLATFORMS = "iphoneos iphonesimulator";
				SUPPORTS_MACCATALYST = NO;
				SUPPORTS_MAC_DESIGNED_FOR_IPHONE_IPAD = NO;
				SUPPORTS_XR_DESIGNED_FOR_IPHONE_IPAD = NO;
				SWIFT_EMIT_LOC_STRINGS = YES;
				SWIFT_VERSION = 5.0;
				TARGETED_DEVICE_FAMILY = 1;
			};
			name = Release;
		};
/* End XCBuildConfiguration section */

/* Begin XCConfigurationList section */
		AC27C9A82B6A6DE7002BDB0F /* Build configuration list for PBXProject "SeSAC_Assignment_0131" */ = {
			isa = XCConfigurationList;
			buildConfigurations = (
				AC27C9BF2B6A6DE8002BDB0F /* Debug */,
				AC27C9C02B6A6DE8002BDB0F /* Release */,
			);
			defaultConfigurationIsVisible = 0;
			defaultConfigurationName = Release;
		};
		AC27C9C12B6A6DE8002BDB0F /* Build configuration list for PBXNativeTarget "SeSAC_Assignment_0131" */ = {
			isa = XCConfigurationList;
			buildConfigurations = (
				AC27C9C22B6A6DE8002BDB0F /* Debug */,
				AC27C9C32B6A6DE8002BDB0F /* Release */,
			);
			defaultConfigurationIsVisible = 0;
			defaultConfigurationName = Release;
		};
/* End XCConfigurationList section */

/* Begin XCRemoteSwiftPackageReference section */
		AC27C9C82B6A6F36002BDB0F /* XCRemoteSwiftPackageReference "SnapKit" */ = {
			isa = XCRemoteSwiftPackageReference;
			repositoryURL = "https://github.com/SnapKit/SnapKit";
			requirement = {
				kind = upToNextMajorVersion;
				minimumVersion = 5.7.0;
			};
		};
		AC27C9CD2B6A6F40002BDB0F /* XCRemoteSwiftPackageReference "Alamofire" */ = {
			isa = XCRemoteSwiftPackageReference;
			repositoryURL = "https://github.com/Alamofire/Alamofire.git";
			requirement = {
				kind = upToNextMajorVersion;
				minimumVersion = 5.8.1;
			};
		};
		AC27C9D02B6A6F49002BDB0F /* XCRemoteSwiftPackageReference "Kingfisher" */ = {
			isa = XCRemoteSwiftPackageReference;
			repositoryURL = "https://github.com/onevcat/Kingfisher.git";
			requirement = {
				kind = upToNextMajorVersion;
				minimumVersion = 7.10.2;
			};
		};
/* End XCRemoteSwiftPackageReference section */

/* Begin XCSwiftPackageProductDependency section */
		AC27C9C92B6A6F36002BDB0F /* SnapKit */ = {
			isa = XCSwiftPackageProductDependency;
			package = AC27C9C82B6A6F36002BDB0F /* XCRemoteSwiftPackageReference "SnapKit" */;
			productName = SnapKit;
		};
		AC27C9CB2B6A6F36002BDB0F /* SnapKit-Dynamic */ = {
			isa = XCSwiftPackageProductDependency;
			package = AC27C9C82B6A6F36002BDB0F /* XCRemoteSwiftPackageReference "SnapKit" */;
			productName = "SnapKit-Dynamic";
		};
		AC27C9CE2B6A6F40002BDB0F /* Alamofire */ = {
			isa = XCSwiftPackageProductDependency;
			package = AC27C9CD2B6A6F40002BDB0F /* XCRemoteSwiftPackageReference "Alamofire" */;
			productName = Alamofire;
		};
		AC27C9D12B6A6F49002BDB0F /* Kingfisher */ = {
			isa = XCSwiftPackageProductDependency;
			package = AC27C9D02B6A6F49002BDB0F /* XCRemoteSwiftPackageReference "Kingfisher" */;
			productName = Kingfisher;
		};
/* End XCSwiftPackageProductDependency section */
	};
	rootObject = AC27C9A52B6A6DE7002BDB0F /* Project object */;
}
