// !$*UTF8*$!
{
	archiveVersion = 1;
	classes = {
	};
	objectVersion = 56;
	objects = {

/* Begin PBXBuildFile section */
		AC301E6D2B3AD0A200FDE27E /* AppDelegate.swift in Sources */ = {isa = PBXBuildFile; fileRef = AC301E6C2B3AD0A200FDE27E /* AppDelegate.swift */; };
		AC301E6F2B3AD0A200FDE27E /* SceneDelegate.swift in Sources */ = {isa = PBXBuildFile; fileRef = AC301E6E2B3AD0A200FDE27E /* SceneDelegate.swift */; };
		AC301E712B3AD0A200FDE27E /* HomeViewController.swift in Sources */ = {isa = PBXBuildFile; fileRef = AC301E702B3AD0A200FDE27E /* HomeViewController.swift */; };
		AC301E742B3AD0A200FDE27E /* Main.storyboard in Resources */ = {isa = PBXBuildFile; fileRef = AC301E722B3AD0A200FDE27E /* Main.storyboard */; };
		AC301E762B3AD0A300FDE27E /* Assets.xcassets in Resources */ = {isa = PBXBuildFile; fileRef = AC301E752B3AD0A300FDE27E /* Assets.xcassets */; };
		AC301E792B3AD0A300FDE27E /* LaunchScreen.storyboard in Resources */ = {isa = PBXBuildFile; fileRef = AC301E772B3AD0A300FDE27E /* LaunchScreen.storyboard */; };
		ACF686A22B3C21220015575A /* NewHotViewController.swift in Sources */ = {isa = PBXBuildFile; fileRef = ACF686A12B3C21220015575A /* NewHotViewController.swift */; };
		ACF686A42B3C231C0015575A /* StoredViewController.swift in Sources */ = {isa = PBXBuildFile; fileRef = ACF686A32B3C231B0015575A /* StoredViewController.swift */; };
		ACF686A62B3C25BD0015575A /* SignUpViewController.swift in Sources */ = {isa = PBXBuildFile; fileRef = ACF686A52B3C25BD0015575A /* SignUpViewController.swift */; };
/* End PBXBuildFile section */

/* Begin PBXFileReference section */
		AC301E692B3AD0A200FDE27E /* SeSAC_Assignment_1226.app */ = {isa = PBXFileReference; explicitFileType = wrapper.application; includeInIndex = 0; path = SeSAC_Assignment_1226.app; sourceTree = BUILT_PRODUCTS_DIR; };
		AC301E6C2B3AD0A200FDE27E /* AppDelegate.swift */ = {isa = PBXFileReference; lastKnownFileType = sourcecode.swift; path = AppDelegate.swift; sourceTree = "<group>"; };
		AC301E6E2B3AD0A200FDE27E /* SceneDelegate.swift */ = {isa = PBXFileReference; lastKnownFileType = sourcecode.swift; path = SceneDelegate.swift; sourceTree = "<group>"; };
		AC301E702B3AD0A200FDE27E /* HomeViewController.swift */ = {isa = PBXFileReference; lastKnownFileType = sourcecode.swift; path = HomeViewController.swift; sourceTree = "<group>"; };
		AC301E732B3AD0A200FDE27E /* Base */ = {isa = PBXFileReference; lastKnownFileType = file.storyboard; name = Base; path = Base.lproj/Main.storyboard; sourceTree = "<group>"; };
		AC301E752B3AD0A300FDE27E /* Assets.xcassets */ = {isa = PBXFileReference; lastKnownFileType = folder.assetcatalog; path = Assets.xcassets; sourceTree = "<group>"; };
		AC301E782B3AD0A300FDE27E /* Base */ = {isa = PBXFileReference; lastKnownFileType = file.storyboard; name = Base; path = Base.lproj/LaunchScreen.storyboard; sourceTree = "<group>"; };
		AC301E7A2B3AD0A300FDE27E /* Info.plist */ = {isa = PBXFileReference; lastKnownFileType = text.plist.xml; path = Info.plist; sourceTree = "<group>"; };
		ACF686A12B3C21220015575A /* NewHotViewController.swift */ = {isa = PBXFileReference; lastKnownFileType = sourcecode.swift; path = NewHotViewController.swift; sourceTree = "<group>"; };
		ACF686A32B3C231B0015575A /* StoredViewController.swift */ = {isa = PBXFileReference; lastKnownFileType = sourcecode.swift; path = StoredViewController.swift; sourceTree = "<group>"; };
		ACF686A52B3C25BD0015575A /* SignUpViewController.swift */ = {isa = PBXFileReference; lastKnownFileType = sourcecode.swift; path = SignUpViewController.swift; sourceTree = "<group>"; };
/* End PBXFileReference section */

/* Begin PBXFrameworksBuildPhase section */
		AC301E662B3AD0A200FDE27E /* Frameworks */ = {
			isa = PBXFrameworksBuildPhase;
			buildActionMask = 2147483647;
			files = (
			);
			runOnlyForDeploymentPostprocessing = 0;
		};
/* End PBXFrameworksBuildPhase section */

/* Begin PBXGroup section */
		AC301E602B3AD0A200FDE27E = {
			isa = PBXGroup;
			children = (
				AC301E6B2B3AD0A200FDE27E /* SeSAC12.26_SB_HW */,
				AC301E6A2B3AD0A200FDE27E /* Products */,
			);
			sourceTree = "<group>";
		};
		AC301E6A2B3AD0A200FDE27E /* Products */ = {
			isa = PBXGroup;
			children = (
				AC301E692B3AD0A200FDE27E /* SeSAC_Assignment_1226.app */,
			);
			name = Products;
			sourceTree = "<group>";
		};
		AC301E6B2B3AD0A200FDE27E /* SeSAC12.26_SB_HW */ = {
			isa = PBXGroup;
			children = (
				AC301E6C2B3AD0A200FDE27E /* AppDelegate.swift */,
				AC301E6E2B3AD0A200FDE27E /* SceneDelegate.swift */,
				AC301E702B3AD0A200FDE27E /* HomeViewController.swift */,
				ACF686A12B3C21220015575A /* NewHotViewController.swift */,
				ACF686A32B3C231B0015575A /* StoredViewController.swift */,
				AC301E722B3AD0A200FDE27E /* Main.storyboard */,
				AC301E752B3AD0A300FDE27E /* Assets.xcassets */,
				AC301E772B3AD0A300FDE27E /* LaunchScreen.storyboard */,
				AC301E7A2B3AD0A300FDE27E /* Info.plist */,
				ACF686A52B3C25BD0015575A /* SignUpViewController.swift */,
			);
			name = SeSAC12.26_SB_HW;
			path = SeSAC_Assignment_1226;
			sourceTree = "<group>";
		};
/* End PBXGroup section */

/* Begin PBXNativeTarget section */
		AC301E682B3AD0A200FDE27E /* SeSAC_Assignment_1226 */ = {
			isa = PBXNativeTarget;
			buildConfigurationList = AC301E7D2B3AD0A300FDE27E /* Build configuration list for PBXNativeTarget "SeSAC_Assignment_1226" */;
			buildPhases = (
				AC301E652B3AD0A200FDE27E /* Sources */,
				AC301E662B3AD0A200FDE27E /* Frameworks */,
				AC301E672B3AD0A200FDE27E /* Resources */,
			);
			buildRules = (
			);
			dependencies = (
			);
			name = SeSAC_Assignment_1226;
			productName = SeSAC12.26_SB_HW;
			productReference = AC301E692B3AD0A200FDE27E /* SeSAC_Assignment_1226.app */;
			productType = "com.apple.product-type.application";
		};
/* End PBXNativeTarget section */

/* Begin PBXProject section */
		AC301E612B3AD0A200FDE27E /* Project object */ = {
			isa = PBXProject;
			attributes = {
				BuildIndependentTargetsInParallel = 1;
				LastSwiftUpdateCheck = 1510;
				LastUpgradeCheck = 1510;
				TargetAttributes = {
					AC301E682B3AD0A200FDE27E = {
						CreatedOnToolsVersion = 15.1;
					};
				};
			};
			buildConfigurationList = AC301E642B3AD0A200FDE27E /* Build configuration list for PBXProject "SeSAC_Assignment_1226" */;
			compatibilityVersion = "Xcode 14.0";
			developmentRegion = en;
			hasScannedForEncodings = 0;
			knownRegions = (
				en,
				Base,
			);
			mainGroup = AC301E602B3AD0A200FDE27E;
			productRefGroup = AC301E6A2B3AD0A200FDE27E /* Products */;
			projectDirPath = "";
			projectRoot = "";
			targets = (
				AC301E682B3AD0A200FDE27E /* SeSAC_Assignment_1226 */,
			);
		};
/* End PBXProject section */

/* Begin PBXResourcesBuildPhase section */
		AC301E672B3AD0A200FDE27E /* Resources */ = {
			isa = PBXResourcesBuildPhase;
			buildActionMask = 2147483647;
			files = (
				AC301E792B3AD0A300FDE27E /* LaunchScreen.storyboard in Resources */,
				AC301E762B3AD0A300FDE27E /* Assets.xcassets in Resources */,
				AC301E742B3AD0A200FDE27E /* Main.storyboard in Resources */,
			);
			runOnlyForDeploymentPostprocessing = 0;
		};
/* End PBXResourcesBuildPhase section */

/* Begin PBXSourcesBuildPhase section */
		AC301E652B3AD0A200FDE27E /* Sources */ = {
			isa = PBXSourcesBuildPhase;
			buildActionMask = 2147483647;
			files = (
				ACF686A62B3C25BD0015575A /* SignUpViewController.swift in Sources */,
				AC301E712B3AD0A200FDE27E /* HomeViewController.swift in Sources */,
				ACF686A42B3C231C0015575A /* StoredViewController.swift in Sources */,
				ACF686A22B3C21220015575A /* NewHotViewController.swift in Sources */,
				AC301E6D2B3AD0A200FDE27E /* AppDelegate.swift in Sources */,
				AC301E6F2B3AD0A200FDE27E /* SceneDelegate.swift in Sources */,
			);
			runOnlyForDeploymentPostprocessing = 0;
		};
/* End PBXSourcesBuildPhase section */

/* Begin PBXVariantGroup section */
		AC301E722B3AD0A200FDE27E /* Main.storyboard */ = {
			isa = PBXVariantGroup;
			children = (
				AC301E732B3AD0A200FDE27E /* Base */,
			);
			name = Main.storyboard;
			sourceTree = "<group>";
		};
		AC301E772B3AD0A300FDE27E /* LaunchScreen.storyboard */ = {
			isa = PBXVariantGroup;
			children = (
				AC301E782B3AD0A300FDE27E /* Base */,
			);
			name = LaunchScreen.storyboard;
			sourceTree = "<group>";
		};
/* End PBXVariantGroup section */

/* Begin XCBuildConfiguration section */
		AC301E7B2B3AD0A300FDE27E /* Debug */ = {
			isa = XCBuildConfiguration;
			buildSettings = {
				ALWAYS_SEARCH_USER_PATHS = NO;
				ASSETCATALOG_COMPILER_GENERATE_SWIFT_ASSET_SYMBOL_EXTENSIONS = YES;
				CLANG_ANALYZER_NONNULL = YES;
				CLANG_ANALYZER_NUMBER_OBJECT_CONVERSION = YES_AGGRESSIVE;
				CLANG_CXX_LANGUAGE_STANDARD = "gnu++20";
				CLANG_ENABLE_MODULES = YES;
				CLANG_ENABLE_OBJC_ARC = YES;
				CLANG_ENABLE_OBJC_WEAK = YES;
				CLANG_WARN_BLOCK_CAPTURE_AUTORELEASING = YES;
				CLANG_WARN_BOOL_CONVERSION = YES;
				CLANG_WARN_COMMA = YES;
				CLANG_WARN_CONSTANT_CONVERSION = YES;
				CLANG_WARN_DEPRECATED_OBJC_IMPLEMENTATIONS = YES;
				CLANG_WARN_DIRECT_OBJC_ISA_USAGE = YES_ERROR;
				CLANG_WARN_DOCUMENTATION_COMMENTS = YES;
				CLANG_WARN_EMPTY_BODY = YES;
				CLANG_WARN_ENUM_CONVERSION = YES;
				CLANG_WARN_INFINITE_RECURSION = YES;
				CLANG_WARN_INT_CONVERSION = YES;
				CLANG_WARN_NON_LITERAL_NULL_CONVERSION = YES;
				CLANG_WARN_OBJC_IMPLICIT_RETAIN_SELF = YES;
				CLANG_WARN_OBJC_LITERAL_CONVERSION = YES;
				CLANG_WARN_OBJC_ROOT_CLASS = YES_ERROR;
				CLANG_WARN_QUOTED_INCLUDE_IN_FRAMEWORK_HEADER = YES;
				CLANG_WARN_RANGE_LOOP_ANALYSIS = YES;
				CLANG_WARN_STRICT_PROTOTYPES = YES;
				CLANG_WARN_SUSPICIOUS_MOVE = YES;
				CLANG_WARN_UNGUARDED_AVAILABILITY = YES_AGGRESSIVE;
				CLANG_WARN_UNREACHABLE_CODE = YES;
				CLANG_WARN__DUPLICATE_METHOD_MATCH = YES;
				COPY_PHASE_STRIP = NO;
				DEBUG_INFORMATION_FORMAT = dwarf;
				ENABLE_STRICT_OBJC_MSGSEND = YES;
				ENABLE_TESTABILITY = YES;
				ENABLE_USER_SCRIPT_SANDBOXING = YES;
				GCC_C_LANGUAGE_STANDARD = gnu17;
				GCC_DYNAMIC_NO_PIC = NO;
				GCC_NO_COMMON_BLOCKS = YES;
				GCC_OPTIMIZATION_LEVEL = 0;
				GCC_PREPROCESSOR_DEFINITIONS = (
					"DEBUG=1",
					"$(inherited)",
				);
				GCC_WARN_64_TO_32_BIT_CONVERSION = YES;
				GCC_WARN_ABOUT_RETURN_TYPE = YES_ERROR;
				GCC_WARN_UNDECLARED_SELECTOR = YES;
				GCC_WARN_UNINITIALIZED_AUTOS = YES_AGGRESSIVE;
				GCC_WARN_UNUSED_FUNCTION = YES;
				GCC_WARN_UNUSED_VARIABLE = YES;
				IPHONEOS_DEPLOYMENT_TARGET = 17.2;
				LOCALIZATION_PREFERS_STRING_CATALOGS = YES;
				MTL_ENABLE_DEBUG_INFO = INCLUDE_SOURCE;
				MTL_FAST_MATH = YES;
				ONLY_ACTIVE_ARCH = YES;
				SDKROOT = iphoneos;
				SWIFT_ACTIVE_COMPILATION_CONDITIONS = "DEBUG $(inherited)";
				SWIFT_OPTIMIZATION_LEVEL = "-Onone";
			};
			name = Debug;
		};
		AC301E7C2B3AD0A300FDE27E /* Release */ = {
			isa = XCBuildConfiguration;
			buildSettings = {
				ALWAYS_SEARCH_USER_PATHS = NO;
				ASSETCATALOG_COMPILER_GENERATE_SWIFT_ASSET_SYMBOL_EXTENSIONS = YES;
				CLANG_ANALYZER_NONNULL = YES;
				CLANG_ANALYZER_NUMBER_OBJECT_CONVERSION = YES_AGGRESSIVE;
				CLANG_CXX_LANGUAGE_STANDARD = "gnu++20";
				CLANG_ENABLE_MODULES = YES;
				CLANG_ENABLE_OBJC_ARC = YES;
				CLANG_ENABLE_OBJC_WEAK = YES;
				CLANG_WARN_BLOCK_CAPTURE_AUTORELEASING = YES;
				CLANG_WARN_BOOL_CONVERSION = YES;
				CLANG_WARN_COMMA = YES;
				CLANG_WARN_CONSTANT_CONVERSION = YES;
				CLANG_WARN_DEPRECATED_OBJC_IMPLEMENTATIONS = YES;
				CLANG_WARN_DIRECT_OBJC_ISA_USAGE = YES_ERROR;
				CLANG_WARN_DOCUMENTATION_COMMENTS = YES;
				CLANG_WARN_EMPTY_BODY = YES;
				CLANG_WARN_ENUM_CONVERSION = YES;
				CLANG_WARN_INFINITE_RECURSION = YES;
				CLANG_WARN_INT_CONVERSION = YES;
				CLANG_WARN_NON_LITERAL_NULL_CONVERSION = YES;
				CLANG_WARN_OBJC_IMPLICIT_RETAIN_SELF = YES;
				CLANG_WARN_OBJC_LITERAL_CONVERSION = YES;
				CLANG_WARN_OBJC_ROOT_CLASS = YES_ERROR;
				CLANG_WARN_QUOTED_INCLUDE_IN_FRAMEWORK_HEADER = YES;
				CLANG_WARN_RANGE_LOOP_ANALYSIS = YES;
				CLANG_WARN_STRICT_PROTOTYPES = YES;
				CLANG_WARN_SUSPICIOUS_MOVE = YES;
				CLANG_WARN_UNGUARDED_AVAILABILITY = YES_AGGRESSIVE;
				CLANG_WARN_UNREACHABLE_CODE = YES;
				CLANG_WARN__DUPLICATE_METHOD_MATCH = YES;
				COPY_PHASE_STRIP = NO;
				DEBUG_INFORMATION_FORMAT = "dwarf-with-dsym";
				ENABLE_NS_ASSERTIONS = NO;
				ENABLE_STRICT_OBJC_MSGSEND = YES;
				ENABLE_USER_SCRIPT_SANDBOXING = YES;
				GCC_C_LANGUAGE_STANDARD = gnu17;
				GCC_NO_COMMON_BLOCKS = YES;
				GCC_WARN_64_TO_32_BIT_CONVERSION = YES;
				GCC_WARN_ABOUT_RETURN_TYPE = YES_ERROR;
				GCC_WARN_UNDECLARED_SELECTOR = YES;
				GCC_WARN_UNINITIALIZED_AUTOS = YES_AGGRESSIVE;
				GCC_WARN_UNUSED_FUNCTION = YES;
				GCC_WARN_UNUSED_VARIABLE = YES;
				IPHONEOS_DEPLOYMENT_TARGET = 17.2;
				LOCALIZATION_PREFERS_STRING_CATALOGS = YES;
				MTL_ENABLE_DEBUG_INFO = NO;
				MTL_FAST_MATH = YES;
				SDKROOT = iphoneos;
				SWIFT_COMPILATION_MODE = wholemodule;
				VALIDATE_PRODUCT = YES;
			};
			name = Release;
		};
		AC301E7E2B3AD0A300FDE27E /* Debug */ = {
			isa = XCBuildConfiguration;
			buildSettings = {
				ASSETCATALOG_COMPILER_APPICON_NAME = AppIcon;
				ASSETCATALOG_COMPILER_GLOBAL_ACCENT_COLOR_NAME = AccentColor;
				CODE_SIGN_STYLE = Automatic;
				CURRENT_PROJECT_VERSION = 1;
				DEVELOPMENT_TEAM = 92Y6UC7Q5M;
				GENERATE_INFOPLIST_FILE = YES;
				INFOPLIST_FILE = SeSAC_Assignment_1226/Info.plist;
				INFOPLIST_KEY_UIApplicationSupportsIndirectInputEvents = YES;
				INFOPLIST_KEY_UILaunchStoryboardName = LaunchScreen;
				INFOPLIST_KEY_UIMainStoryboardFile = Main;
				INFOPLIST_KEY_UISupportedInterfaceOrientations = UIInterfaceOrientationPortrait;
				INFOPLIST_KEY_UISupportedInterfaceOrientations_iPad = "UIInterfaceOrientationLandscapeLeft UIInterfaceOrientationLandscapeRight UIInterfaceOrientationPortrait UIInterfaceOrientationPortraitUpsideDown";
				IPHONEOS_DEPLOYMENT_TARGET = 17.2;
				LD_RUNPATH_SEARCH_PATHS = (
					"$(inherited)",
					"@executable_path/Frameworks",
				);
				MARKETING_VERSION = 1.0;
				PRODUCT_BUNDLE_IDENTIFIER = com.donotinto.SeSAC_Assignment_1226;
				PRODUCT_NAME = "$(TARGET_NAME)";
				SUPPORTED_PLATFORMS = "iphoneos iphonesimulator";
				SUPPORTS_MACCATALYST = NO;
				SUPPORTS_MAC_DESIGNED_FOR_IPHONE_IPAD = NO;
				SWIFT_EMIT_LOC_STRINGS = YES;
				SWIFT_VERSION = 5.0;
				TARGETED_DEVICE_FAMILY = 1;
			};
			name = Debug;
		};
		AC301E7F2B3AD0A300FDE27E /* Release */ = {
			isa = XCBuildConfiguration;
			buildSettings = {
				ASSETCATALOG_COMPILER_APPICON_NAME = AppIcon;
				ASSETCATALOG_COMPILER_GLOBAL_ACCENT_COLOR_NAME = AccentColor;
				CODE_SIGN_STYLE = Automatic;
				CURRENT_PROJECT_VERSION = 1;
				DEVELOPMENT_TEAM = 92Y6UC7Q5M;
				GENERATE_INFOPLIST_FILE = YES;
				INFOPLIST_FILE = SeSAC_Assignment_1226/Info.plist;
				INFOPLIST_KEY_UIApplicationSupportsIndirectInputEvents = YES;
				INFOPLIST_KEY_UILaunchStoryboardName = LaunchScreen;
				INFOPLIST_KEY_UIMainStoryboardFile = Main;
				INFOPLIST_KEY_UISupportedInterfaceOrientations = UIInterfaceOrientationPortrait;
				INFOPLIST_KEY_UISupportedInterfaceOrientations_iPad = "UIInterfaceOrientationLandscapeLeft UIInterfaceOrientationLandscapeRight UIInterfaceOrientationPortrait UIInterfaceOrientationPortraitUpsideDown";
				IPHONEOS_DEPLOYMENT_TARGET = 17.2;
				LD_RUNPATH_SEARCH_PATHS = (
					"$(inherited)",
					"@executable_path/Frameworks",
				);
				MARKETING_VERSION = 1.0;
				PRODUCT_BUNDLE_IDENTIFIER = com.donotinto.SeSAC_Assignment_1226;
				PRODUCT_NAME = "$(TARGET_NAME)";
				SUPPORTED_PLATFORMS = "iphoneos iphonesimulator";
				SUPPORTS_MACCATALYST = NO;
				SUPPORTS_MAC_DESIGNED_FOR_IPHONE_IPAD = NO;
				SWIFT_EMIT_LOC_STRINGS = YES;
				SWIFT_VERSION = 5.0;
				TARGETED_DEVICE_FAMILY = 1;
			};
			name = Release;
		};
/* End XCBuildConfiguration section */

/* Begin XCConfigurationList section */
		AC301E642B3AD0A200FDE27E /* Build configuration list for PBXProject "SeSAC_Assignment_1226" */ = {
			isa = XCConfigurationList;
			buildConfigurations = (
				AC301E7B2B3AD0A300FDE27E /* Debug */,
				AC301E7C2B3AD0A300FDE27E /* Release */,
			);
			defaultConfigurationIsVisible = 0;
			defaultConfigurationName = Release;
		};
		AC301E7D2B3AD0A300FDE27E /* Build configuration list for PBXNativeTarget "SeSAC_Assignment_1226" */ = {
			isa = XCConfigurationList;
			buildConfigurations = (
				AC301E7E2B3AD0A300FDE27E /* Debug */,
				AC301E7F2B3AD0A300FDE27E /* Release */,
			);
			defaultConfigurationIsVisible = 0;
			defaultConfigurationName = Release;
		};
/* End XCConfigurationList section */
	};
	rootObject = AC301E612B3AD0A200FDE27E /* Project object */;
}
