// !$*UTF8*$!
{
	archiveVersion = 1;
	classes = {
	};
	objectVersion = 56;
	objects = {

/* Begin PBXBuildFile section */
		AC0FDFBE2B4FD0D6002452B1 /* DetailViewController.storyboard in Resources */ = {isa = PBXBuildFile; fileRef = AC0FDFBD2B4FD0D6002452B1 /* DetailViewController.storyboard */; };
		AC0FDFC02B4FD0F0002452B1 /* DetailViewController.swift in Sources */ = {isa = PBXBuildFile; fileRef = AC0FDFBF2B4FD0F0002452B1 /* DetailViewController.swift */; };
		AC0FDFC32B4FD12F002452B1 /* DetailTableViewCell.swift in Sources */ = {isa = PBXBuildFile; fileRef = AC0FDFC12B4FD12F002452B1 /* DetailTableViewCell.swift */; };
		AC0FDFC42B4FD12F002452B1 /* DetailTableViewCell.xib in Resources */ = {isa = PBXBuildFile; fileRef = AC0FDFC22B4FD12F002452B1 /* DetailTableViewCell.xib */; };
		AC0FDFCA2B4FDB86002452B1 /* Travel.swift in Sources */ = {isa = PBXBuildFile; fileRef = AC0FDFC92B4FDB86002452B1 /* Travel.swift */; };
		AC0FDFCC2B4FDDBF002452B1 /* Kingfisher in Frameworks */ = {isa = PBXBuildFile; productRef = AC0FDFCB2B4FDDBF002452B1 /* Kingfisher */; };
		AC0FDFCF2B4FE5FC002452B1 /* ADTableViewCell.swift in Sources */ = {isa = PBXBuildFile; fileRef = AC0FDFCD2B4FE5FC002452B1 /* ADTableViewCell.swift */; };
		AC0FDFD02B4FE5FC002452B1 /* ADTableViewCell.xib in Resources */ = {isa = PBXBuildFile; fileRef = AC0FDFCE2B4FE5FC002452B1 /* ADTableViewCell.xib */; };
		ACB4C4FB2B4FEA9400961FC8 /* ThirdDetailViewController.swift in Sources */ = {isa = PBXBuildFile; fileRef = ACB4C4FA2B4FEA9400961FC8 /* ThirdDetailViewController.swift */; };
		ACB4C4FD2B4FEAA000961FC8 /* ThirdADViewController.swift in Sources */ = {isa = PBXBuildFile; fileRef = ACB4C4FC2B4FEAA000961FC8 /* ThirdADViewController.swift */; };
		ACB4C4FF2B4FEAB200961FC8 /* ThirdDetailViewController.storyboard in Resources */ = {isa = PBXBuildFile; fileRef = ACB4C4FE2B4FEAB200961FC8 /* ThirdDetailViewController.storyboard */; };
		ACB4C5012B4FEAC200961FC8 /* ThirdADViewController.storyboard in Resources */ = {isa = PBXBuildFile; fileRef = ACB4C5002B4FEAC200961FC8 /* ThirdADViewController.storyboard */; };
		ACB4C5082B501CA400961FC8 /* Storage.swift in Sources */ = {isa = PBXBuildFile; fileRef = ACB4C5072B501CA400961FC8 /* Storage.swift */; };
		ACB4C50B2B501FAA00961FC8 /* UILabel++.swift in Sources */ = {isa = PBXBuildFile; fileRef = ACB4C50A2B501FAA00961FC8 /* UILabel++.swift */; };
		ACFE26BA2B4D2CCF002EF629 /* AppDelegate.swift in Sources */ = {isa = PBXBuildFile; fileRef = ACFE26B92B4D2CCF002EF629 /* AppDelegate.swift */; };
		ACFE26BC2B4D2CCF002EF629 /* SceneDelegate.swift in Sources */ = {isa = PBXBuildFile; fileRef = ACFE26BB2B4D2CCF002EF629 /* SceneDelegate.swift */; };
		ACFE26BE2B4D2CCF002EF629 /* ViewController.swift in Sources */ = {isa = PBXBuildFile; fileRef = ACFE26BD2B4D2CCF002EF629 /* ViewController.swift */; };
		ACFE26C12B4D2CCF002EF629 /* Main.storyboard in Resources */ = {isa = PBXBuildFile; fileRef = ACFE26BF2B4D2CCF002EF629 /* Main.storyboard */; };
		ACFE26C32B4D2CD1002EF629 /* Assets.xcassets in Resources */ = {isa = PBXBuildFile; fileRef = ACFE26C22B4D2CD1002EF629 /* Assets.xcassets */; };
		ACFE26C62B4D2CD1002EF629 /* LaunchScreen.storyboard in Resources */ = {isa = PBXBuildFile; fileRef = ACFE26C42B4D2CD1002EF629 /* LaunchScreen.storyboard */; };
		ACFE26CF2B4D2DBE002EF629 /* CityCollectionViewCell.swift in Sources */ = {isa = PBXBuildFile; fileRef = ACFE26CD2B4D2DBE002EF629 /* CityCollectionViewCell.swift */; };
		ACFE26D02B4D2DBE002EF629 /* CityCollectionViewCell.xib in Resources */ = {isa = PBXBuildFile; fileRef = ACFE26CE2B4D2DBE002EF629 /* CityCollectionViewCell.xib */; };
		ACFE26D22B4D32C3002EF629 /* City.swift in Sources */ = {isa = PBXBuildFile; fileRef = ACFE26D12B4D32C3002EF629 /* City.swift */; };
		ACFE26D52B4D3662002EF629 /* Kingfisher in Frameworks */ = {isa = PBXBuildFile; productRef = ACFE26D42B4D3662002EF629 /* Kingfisher */; };
		ACFE26D72B4D3A73002EF629 /* Const.swift in Sources */ = {isa = PBXBuildFile; fileRef = ACFE26D62B4D3A73002EF629 /* Const.swift */; };
		ACFE26FD2B4EB9BA002EF629 /* ViewProtocol.swift in Sources */ = {isa = PBXBuildFile; fileRef = ACFE26FC2B4EB9BA002EF629 /* ViewProtocol.swift */; };
/* End PBXBuildFile section */

/* Begin PBXFileReference section */
		AC0FDFBD2B4FD0D6002452B1 /* DetailViewController.storyboard */ = {isa = PBXFileReference; lastKnownFileType = file.storyboard; path = DetailViewController.storyboard; sourceTree = "<group>"; };
		AC0FDFBF2B4FD0F0002452B1 /* DetailViewController.swift */ = {isa = PBXFileReference; lastKnownFileType = sourcecode.swift; path = DetailViewController.swift; sourceTree = "<group>"; };
		AC0FDFC12B4FD12F002452B1 /* DetailTableViewCell.swift */ = {isa = PBXFileReference; lastKnownFileType = sourcecode.swift; path = DetailTableViewCell.swift; sourceTree = "<group>"; };
		AC0FDFC22B4FD12F002452B1 /* DetailTableViewCell.xib */ = {isa = PBXFileReference; lastKnownFileType = file.xib; path = DetailTableViewCell.xib; sourceTree = "<group>"; };
		AC0FDFC92B4FDB86002452B1 /* Travel.swift */ = {isa = PBXFileReference; lastKnownFileType = sourcecode.swift; path = Travel.swift; sourceTree = "<group>"; };
		AC0FDFCD2B4FE5FC002452B1 /* ADTableViewCell.swift */ = {isa = PBXFileReference; lastKnownFileType = sourcecode.swift; path = ADTableViewCell.swift; sourceTree = "<group>"; };
		AC0FDFCE2B4FE5FC002452B1 /* ADTableViewCell.xib */ = {isa = PBXFileReference; lastKnownFileType = file.xib; path = ADTableViewCell.xib; sourceTree = "<group>"; };
		ACB4C4FA2B4FEA9400961FC8 /* ThirdDetailViewController.swift */ = {isa = PBXFileReference; lastKnownFileType = sourcecode.swift; path = ThirdDetailViewController.swift; sourceTree = "<group>"; };
		ACB4C4FC2B4FEAA000961FC8 /* ThirdADViewController.swift */ = {isa = PBXFileReference; lastKnownFileType = sourcecode.swift; path = ThirdADViewController.swift; sourceTree = "<group>"; };
		ACB4C4FE2B4FEAB200961FC8 /* ThirdDetailViewController.storyboard */ = {isa = PBXFileReference; lastKnownFileType = file.storyboard; path = ThirdDetailViewController.storyboard; sourceTree = "<group>"; };
		ACB4C5002B4FEAC200961FC8 /* ThirdADViewController.storyboard */ = {isa = PBXFileReference; lastKnownFileType = file.storyboard; path = ThirdADViewController.storyboard; sourceTree = "<group>"; };
		ACB4C5072B501CA400961FC8 /* Storage.swift */ = {isa = PBXFileReference; lastKnownFileType = sourcecode.swift; path = Storage.swift; sourceTree = "<group>"; };
		ACB4C50A2B501FAA00961FC8 /* UILabel++.swift */ = {isa = PBXFileReference; lastKnownFileType = sourcecode.swift; path = "UILabel++.swift"; sourceTree = "<group>"; };
		ACFE26B62B4D2CCF002EF629 /* SeSAC_Assignment_0109.app */ = {isa = PBXFileReference; explicitFileType = wrapper.application; includeInIndex = 0; path = SeSAC_Assignment_0109.app; sourceTree = BUILT_PRODUCTS_DIR; };
		ACFE26B92B4D2CCF002EF629 /* AppDelegate.swift */ = {isa = PBXFileReference; lastKnownFileType = sourcecode.swift; path = AppDelegate.swift; sourceTree = "<group>"; };
		ACFE26BB2B4D2CCF002EF629 /* SceneDelegate.swift */ = {isa = PBXFileReference; lastKnownFileType = sourcecode.swift; path = SceneDelegate.swift; sourceTree = "<group>"; };
		ACFE26BD2B4D2CCF002EF629 /* ViewController.swift */ = {isa = PBXFileReference; lastKnownFileType = sourcecode.swift; path = ViewController.swift; sourceTree = "<group>"; };
		ACFE26C02B4D2CCF002EF629 /* Base */ = {isa = PBXFileReference; lastKnownFileType = file.storyboard; name = Base; path = Base.lproj/Main.storyboard; sourceTree = "<group>"; };
		ACFE26C22B4D2CD1002EF629 /* Assets.xcassets */ = {isa = PBXFileReference; lastKnownFileType = folder.assetcatalog; path = Assets.xcassets; sourceTree = "<group>"; };
		ACFE26C52B4D2CD1002EF629 /* Base */ = {isa = PBXFileReference; lastKnownFileType = file.storyboard; name = Base; path = Base.lproj/LaunchScreen.storyboard; sourceTree = "<group>"; };
		ACFE26C72B4D2CD1002EF629 /* Info.plist */ = {isa = PBXFileReference; lastKnownFileType = text.plist.xml; path = Info.plist; sourceTree = "<group>"; };
		ACFE26CD2B4D2DBE002EF629 /* CityCollectionViewCell.swift */ = {isa = PBXFileReference; lastKnownFileType = sourcecode.swift; path = CityCollectionViewCell.swift; sourceTree = "<group>"; };
		ACFE26CE2B4D2DBE002EF629 /* CityCollectionViewCell.xib */ = {isa = PBXFileReference; lastKnownFileType = file.xib; path = CityCollectionViewCell.xib; sourceTree = "<group>"; };
		ACFE26D12B4D32C3002EF629 /* City.swift */ = {isa = PBXFileReference; lastKnownFileType = sourcecode.swift; path = City.swift; sourceTree = "<group>"; };
		ACFE26D62B4D3A73002EF629 /* Const.swift */ = {isa = PBXFileReference; lastKnownFileType = sourcecode.swift; path = Const.swift; sourceTree = "<group>"; };
		ACFE26FC2B4EB9BA002EF629 /* ViewProtocol.swift */ = {isa = PBXFileReference; lastKnownFileType = sourcecode.swift; path = ViewProtocol.swift; sourceTree = "<group>"; };
/* End PBXFileReference section */

/* Begin PBXFrameworksBuildPhase section */
		ACFE26B32B4D2CCF002EF629 /* Frameworks */ = {
			isa = PBXFrameworksBuildPhase;
			buildActionMask = 2147483647;
			files = (
				AC0FDFCC2B4FDDBF002452B1 /* Kingfisher in Frameworks */,
				ACFE26D52B4D3662002EF629 /* Kingfisher in Frameworks */,
			);
			runOnlyForDeploymentPostprocessing = 0;
		};
/* End PBXFrameworksBuildPhase section */

/* Begin PBXGroup section */
		AC0FDFBB2B4FD0A5002452B1 /* CityView */ = {
			isa = PBXGroup;
			children = (
				ACFE26BD2B4D2CCF002EF629 /* ViewController.swift */,
				ACFE26CD2B4D2DBE002EF629 /* CityCollectionViewCell.swift */,
			);
			path = CityView;
			sourceTree = "<group>";
		};
		AC0FDFBC2B4FD0C9002452B1 /* DetailView */ = {
			isa = PBXGroup;
			children = (
				AC0FDFBF2B4FD0F0002452B1 /* DetailViewController.swift */,
				AC0FDFC12B4FD12F002452B1 /* DetailTableViewCell.swift */,
				AC0FDFCD2B4FE5FC002452B1 /* ADTableViewCell.swift */,
			);
			path = DetailView;
			sourceTree = "<group>";
		};
		ACB4C4F92B4FEA7300961FC8 /* ThirdView */ = {
			isa = PBXGroup;
			children = (
				ACB4C4FA2B4FEA9400961FC8 /* ThirdDetailViewController.swift */,
				ACB4C4FC2B4FEAA000961FC8 /* ThirdADViewController.swift */,
			);
			path = ThirdView;
			sourceTree = "<group>";
		};
		ACB4C5022B50163A00961FC8 /* Protocol */ = {
			isa = PBXGroup;
			children = (
				ACFE26FC2B4EB9BA002EF629 /* ViewProtocol.swift */,
			);
			path = Protocol;
			sourceTree = "<group>";
		};
		ACB4C5032B50170B00961FC8 /* Const */ = {
			isa = PBXGroup;
			children = (
				ACFE26D62B4D3A73002EF629 /* Const.swift */,
			);
			path = Const;
			sourceTree = "<group>";
		};
		ACB4C5042B50192F00961FC8 /* Model */ = {
			isa = PBXGroup;
			children = (
				ACFE26D12B4D32C3002EF629 /* City.swift */,
				AC0FDFC92B4FDB86002452B1 /* Travel.swift */,
			);
			path = Model;
			sourceTree = "<group>";
		};
		ACB4C5052B50195100961FC8 /* StoryBoard */ = {
			isa = PBXGroup;
			children = (
				ACB4C4FE2B4FEAB200961FC8 /* ThirdDetailViewController.storyboard */,
				ACB4C5002B4FEAC200961FC8 /* ThirdADViewController.storyboard */,
				AC0FDFBD2B4FD0D6002452B1 /* DetailViewController.storyboard */,
				AC0FDFC22B4FD12F002452B1 /* DetailTableViewCell.xib */,
				AC0FDFCE2B4FE5FC002452B1 /* ADTableViewCell.xib */,
				ACFE26CE2B4D2DBE002EF629 /* CityCollectionViewCell.xib */,
				ACFE26BF2B4D2CCF002EF629 /* Main.storyboard */,
			);
			path = StoryBoard;
			sourceTree = "<group>";
		};
		ACB4C5062B501C8500961FC8 /* Storage */ = {
			isa = PBXGroup;
			children = (
				ACB4C5072B501CA400961FC8 /* Storage.swift */,
			);
			path = Storage;
			sourceTree = "<group>";
		};
		ACB4C5092B501F9200961FC8 /* Extension */ = {
			isa = PBXGroup;
			children = (
				ACB4C50A2B501FAA00961FC8 /* UILabel++.swift */,
			);
			path = Extension;
			sourceTree = "<group>";
		};
		ACFE26AD2B4D2CCF002EF629 = {
			isa = PBXGroup;
			children = (
				ACFE26B82B4D2CCF002EF629 /* SeSAC_Assignment_0109 */,
				ACFE26B72B4D2CCF002EF629 /* Products */,
			);
			sourceTree = "<group>";
		};
		ACFE26B72B4D2CCF002EF629 /* Products */ = {
			isa = PBXGroup;
			children = (
				ACFE26B62B4D2CCF002EF629 /* SeSAC_Assignment_0109.app */,
			);
			name = Products;
			sourceTree = "<group>";
		};
		ACFE26B82B4D2CCF002EF629 /* SeSAC_Assignment_0109 */ = {
			isa = PBXGroup;
			children = (
				ACB4C5092B501F9200961FC8 /* Extension */,
				ACB4C5062B501C8500961FC8 /* Storage */,
				ACB4C5052B50195100961FC8 /* StoryBoard */,
				ACB4C5042B50192F00961FC8 /* Model */,
				ACB4C5032B50170B00961FC8 /* Const */,
				ACB4C5022B50163A00961FC8 /* Protocol */,
				ACB4C4F92B4FEA7300961FC8 /* ThirdView */,
				AC0FDFBC2B4FD0C9002452B1 /* DetailView */,
				AC0FDFBB2B4FD0A5002452B1 /* CityView */,
				ACFE26B92B4D2CCF002EF629 /* AppDelegate.swift */,
				ACFE26BB2B4D2CCF002EF629 /* SceneDelegate.swift */,
				ACFE26C22B4D2CD1002EF629 /* Assets.xcassets */,
				ACFE26C42B4D2CD1002EF629 /* LaunchScreen.storyboard */,
				ACFE26C72B4D2CD1002EF629 /* Info.plist */,
			);
			path = SeSAC_Assignment_0109;
			sourceTree = "<group>";
		};
/* End PBXGroup section */

/* Begin PBXNativeTarget section */
		ACFE26B52B4D2CCF002EF629 /* SeSAC_Assignment_0109 */ = {
			isa = PBXNativeTarget;
			buildConfigurationList = ACFE26CA2B4D2CD1002EF629 /* Build configuration list for PBXNativeTarget "SeSAC_Assignment_0109" */;
			buildPhases = (
				ACFE26B22B4D2CCF002EF629 /* Sources */,
				ACFE26B32B4D2CCF002EF629 /* Frameworks */,
				ACFE26B42B4D2CCF002EF629 /* Resources */,
			);
			buildRules = (
			);
			dependencies = (
			);
			name = SeSAC_Assignment_0109;
			packageProductDependencies = (
				ACFE26D42B4D3662002EF629 /* Kingfisher */,
				AC0FDFCB2B4FDDBF002452B1 /* Kingfisher */,
			);
			productName = SeSAC_Assignment_0109;
			productReference = ACFE26B62B4D2CCF002EF629 /* SeSAC_Assignment_0109.app */;
			productType = "com.apple.product-type.application";
		};
/* End PBXNativeTarget section */

/* Begin PBXProject section */
		ACFE26AE2B4D2CCF002EF629 /* Project object */ = {
			isa = PBXProject;
			attributes = {
				BuildIndependentTargetsInParallel = 1;
				LastSwiftUpdateCheck = 1510;
				LastUpgradeCheck = 1510;
				TargetAttributes = {
					ACFE26B52B4D2CCF002EF629 = {
						CreatedOnToolsVersion = 15.1;
					};
				};
			};
			buildConfigurationList = ACFE26B12B4D2CCF002EF629 /* Build configuration list for PBXProject "SeSAC_Assignment_0109" */;
			compatibilityVersion = "Xcode 14.0";
			developmentRegion = en;
			hasScannedForEncodings = 0;
			knownRegions = (
				en,
				Base,
			);
			mainGroup = ACFE26AD2B4D2CCF002EF629;
			packageReferences = (
				ACFE26D32B4D3662002EF629 /* XCRemoteSwiftPackageReference "Kingfisher" */,
			);
			productRefGroup = ACFE26B72B4D2CCF002EF629 /* Products */;
			projectDirPath = "";
			projectRoot = "";
			targets = (
				ACFE26B52B4D2CCF002EF629 /* SeSAC_Assignment_0109 */,
			);
		};
/* End PBXProject section */

/* Begin PBXResourcesBuildPhase section */
		ACFE26B42B4D2CCF002EF629 /* Resources */ = {
			isa = PBXResourcesBuildPhase;
			buildActionMask = 2147483647;
			files = (
				ACB4C4FF2B4FEAB200961FC8 /* ThirdDetailViewController.storyboard in Resources */,
				ACFE26C62B4D2CD1002EF629 /* LaunchScreen.storyboard in Resources */,
				ACB4C5012B4FEAC200961FC8 /* ThirdADViewController.storyboard in Resources */,
				ACFE26C32B4D2CD1002EF629 /* Assets.xcassets in Resources */,
				ACFE26C12B4D2CCF002EF629 /* Main.storyboard in Resources */,
				AC0FDFBE2B4FD0D6002452B1 /* DetailViewController.storyboard in Resources */,
				AC0FDFC42B4FD12F002452B1 /* DetailTableViewCell.xib in Resources */,
				AC0FDFD02B4FE5FC002452B1 /* ADTableViewCell.xib in Resources */,
				ACFE26D02B4D2DBE002EF629 /* CityCollectionViewCell.xib in Resources */,
			);
			runOnlyForDeploymentPostprocessing = 0;
		};
/* End PBXResourcesBuildPhase section */

/* Begin PBXSourcesBuildPhase section */
		ACFE26B22B4D2CCF002EF629 /* Sources */ = {
			isa = PBXSourcesBuildPhase;
			buildActionMask = 2147483647;
			files = (
				AC0FDFC32B4FD12F002452B1 /* DetailTableViewCell.swift in Sources */,
				ACB4C5082B501CA400961FC8 /* Storage.swift in Sources */,
				ACFE26BE2B4D2CCF002EF629 /* ViewController.swift in Sources */,
				ACFE26BA2B4D2CCF002EF629 /* AppDelegate.swift in Sources */,
				ACB4C4FB2B4FEA9400961FC8 /* ThirdDetailViewController.swift in Sources */,
				ACFE26D22B4D32C3002EF629 /* City.swift in Sources */,
				AC0FDFCF2B4FE5FC002452B1 /* ADTableViewCell.swift in Sources */,
				ACFE26BC2B4D2CCF002EF629 /* SceneDelegate.swift in Sources */,
				ACFE26FD2B4EB9BA002EF629 /* ViewProtocol.swift in Sources */,
				ACFE26D72B4D3A73002EF629 /* Const.swift in Sources */,
				ACB4C50B2B501FAA00961FC8 /* UILabel++.swift in Sources */,
				ACFE26CF2B4D2DBE002EF629 /* CityCollectionViewCell.swift in Sources */,
				ACB4C4FD2B4FEAA000961FC8 /* ThirdADViewController.swift in Sources */,
				AC0FDFCA2B4FDB86002452B1 /* Travel.swift in Sources */,
				AC0FDFC02B4FD0F0002452B1 /* DetailViewController.swift in Sources */,
			);
			runOnlyForDeploymentPostprocessing = 0;
		};
/* End PBXSourcesBuildPhase section */

/* Begin PBXVariantGroup section */
		ACFE26BF2B4D2CCF002EF629 /* Main.storyboard */ = {
			isa = PBXVariantGroup;
			children = (
				ACFE26C02B4D2CCF002EF629 /* Base */,
			);
			name = Main.storyboard;
			sourceTree = "<group>";
		};
		ACFE26C42B4D2CD1002EF629 /* LaunchScreen.storyboard */ = {
			isa = PBXVariantGroup;
			children = (
				ACFE26C52B4D2CD1002EF629 /* Base */,
			);
			name = LaunchScreen.storyboard;
			sourceTree = "<group>";
		};
/* End PBXVariantGroup section */

/* Begin XCBuildConfiguration section */
		ACFE26C82B4D2CD1002EF629 /* Debug */ = {
			isa = XCBuildConfiguration;
			buildSettings = {
				ALWAYS_SEARCH_USER_PATHS = NO;
				ASSETCATALOG_COMPILER_GENERATE_SWIFT_ASSET_SYMBOL_EXTENSIONS = YES;
				CLANG_ANALYZER_NONNULL = YES;
				CLANG_ANALYZER_NUMBER_OBJECT_CONVERSION = YES_AGGRESSIVE;
				CLANG_CXX_LANGUAGE_STANDARD = "gnu++20";
				CLANG_ENABLE_MODULES = YES;
				CLANG_ENABLE_OBJC_ARC = YES;
				CLANG_ENABLE_OBJC_WEAK = YES;
				CLANG_WARN_BLOCK_CAPTURE_AUTORELEASING = YES;
				CLANG_WARN_BOOL_CONVERSION = YES;
				CLANG_WARN_COMMA = YES;
				CLANG_WARN_CONSTANT_CONVERSION = YES;
				CLANG_WARN_DEPRECATED_OBJC_IMPLEMENTATIONS = YES;
				CLANG_WARN_DIRECT_OBJC_ISA_USAGE = YES_ERROR;
				CLANG_WARN_DOCUMENTATION_COMMENTS = YES;
				CLANG_WARN_EMPTY_BODY = YES;
				CLANG_WARN_ENUM_CONVERSION = YES;
				CLANG_WARN_INFINITE_RECURSION = YES;
				CLANG_WARN_INT_CONVERSION = YES;
				CLANG_WARN_NON_LITERAL_NULL_CONVERSION = YES;
				CLANG_WARN_OBJC_IMPLICIT_RETAIN_SELF = YES;
				CLANG_WARN_OBJC_LITERAL_CONVERSION = YES;
				CLANG_WARN_OBJC_ROOT_CLASS = YES_ERROR;
				CLANG_WARN_QUOTED_INCLUDE_IN_FRAMEWORK_HEADER = YES;
				CLANG_WARN_RANGE_LOOP_ANALYSIS = YES;
				CLANG_WARN_STRICT_PROTOTYPES = YES;
				CLANG_WARN_SUSPICIOUS_MOVE = YES;
				CLANG_WARN_UNGUARDED_AVAILABILITY = YES_AGGRESSIVE;
				CLANG_WARN_UNREACHABLE_CODE = YES;
				CLANG_WARN__DUPLICATE_METHOD_MATCH = YES;
				COPY_PHASE_STRIP = NO;
				DEBUG_INFORMATION_FORMAT = dwarf;
				ENABLE_STRICT_OBJC_MSGSEND = YES;
				ENABLE_TESTABILITY = YES;
				ENABLE_USER_SCRIPT_SANDBOXING = YES;
				GCC_C_LANGUAGE_STANDARD = gnu17;
				GCC_DYNAMIC_NO_PIC = NO;
				GCC_NO_COMMON_BLOCKS = YES;
				GCC_OPTIMIZATION_LEVEL = 0;
				GCC_PREPROCESSOR_DEFINITIONS = (
					"DEBUG=1",
					"$(inherited)",
				);
				GCC_WARN_64_TO_32_BIT_CONVERSION = YES;
				GCC_WARN_ABOUT_RETURN_TYPE = YES_ERROR;
				GCC_WARN_UNDECLARED_SELECTOR = YES;
				GCC_WARN_UNINITIALIZED_AUTOS = YES_AGGRESSIVE;
				GCC_WARN_UNUSED_FUNCTION = YES;
				GCC_WARN_UNUSED_VARIABLE = YES;
				IPHONEOS_DEPLOYMENT_TARGET = 17.2;
				LOCALIZATION_PREFERS_STRING_CATALOGS = YES;
				MTL_ENABLE_DEBUG_INFO = INCLUDE_SOURCE;
				MTL_FAST_MATH = YES;
				ONLY_ACTIVE_ARCH = YES;
				SDKROOT = iphoneos;
				SWIFT_ACTIVE_COMPILATION_CONDITIONS = "DEBUG $(inherited)";
				SWIFT_OPTIMIZATION_LEVEL = "-Onone";
			};
			name = Debug;
		};
		ACFE26C92B4D2CD1002EF629 /* Release */ = {
			isa = XCBuildConfiguration;
			buildSettings = {
				ALWAYS_SEARCH_USER_PATHS = NO;
				ASSETCATALOG_COMPILER_GENERATE_SWIFT_ASSET_SYMBOL_EXTENSIONS = YES;
				CLANG_ANALYZER_NONNULL = YES;
				CLANG_ANALYZER_NUMBER_OBJECT_CONVERSION = YES_AGGRESSIVE;
				CLANG_CXX_LANGUAGE_STANDARD = "gnu++20";
				CLANG_ENABLE_MODULES = YES;
				CLANG_ENABLE_OBJC_ARC = YES;
				CLANG_ENABLE_OBJC_WEAK = YES;
				CLANG_WARN_BLOCK_CAPTURE_AUTORELEASING = YES;
				CLANG_WARN_BOOL_CONVERSION = YES;
				CLANG_WARN_COMMA = YES;
				CLANG_WARN_CONSTANT_CONVERSION = YES;
				CLANG_WARN_DEPRECATED_OBJC_IMPLEMENTATIONS = YES;
				CLANG_WARN_DIRECT_OBJC_ISA_USAGE = YES_ERROR;
				CLANG_WARN_DOCUMENTATION_COMMENTS = YES;
				CLANG_WARN_EMPTY_BODY = YES;
				CLANG_WARN_ENUM_CONVERSION = YES;
				CLANG_WARN_INFINITE_RECURSION = YES;
				CLANG_WARN_INT_CONVERSION = YES;
				CLANG_WARN_NON_LITERAL_NULL_CONVERSION = YES;
				CLANG_WARN_OBJC_IMPLICIT_RETAIN_SELF = YES;
				CLANG_WARN_OBJC_LITERAL_CONVERSION = YES;
				CLANG_WARN_OBJC_ROOT_CLASS = YES_ERROR;
				CLANG_WARN_QUOTED_INCLUDE_IN_FRAMEWORK_HEADER = YES;
				CLANG_WARN_RANGE_LOOP_ANALYSIS = YES;
				CLANG_WARN_STRICT_PROTOTYPES = YES;
				CLANG_WARN_SUSPICIOUS_MOVE = YES;
				CLANG_WARN_UNGUARDED_AVAILABILITY = YES_AGGRESSIVE;
				CLANG_WARN_UNREACHABLE_CODE = YES;
				CLANG_WARN__DUPLICATE_METHOD_MATCH = YES;
				COPY_PHASE_STRIP = NO;
				DEBUG_INFORMATION_FORMAT = "dwarf-with-dsym";
				ENABLE_NS_ASSERTIONS = NO;
				ENABLE_STRICT_OBJC_MSGSEND = YES;
				ENABLE_USER_SCRIPT_SANDBOXING = YES;
				GCC_C_LANGUAGE_STANDARD = gnu17;
				GCC_NO_COMMON_BLOCKS = YES;
				GCC_WARN_64_TO_32_BIT_CONVERSION = YES;
				GCC_WARN_ABOUT_RETURN_TYPE = YES_ERROR;
				GCC_WARN_UNDECLARED_SELECTOR = YES;
				GCC_WARN_UNINITIALIZED_AUTOS = YES_AGGRESSIVE;
				GCC_WARN_UNUSED_FUNCTION = YES;
				GCC_WARN_UNUSED_VARIABLE = YES;
				IPHONEOS_DEPLOYMENT_TARGET = 17.2;
				LOCALIZATION_PREFERS_STRING_CATALOGS = YES;
				MTL_ENABLE_DEBUG_INFO = NO;
				MTL_FAST_MATH = YES;
				SDKROOT = iphoneos;
				SWIFT_COMPILATION_MODE = wholemodule;
				VALIDATE_PRODUCT = YES;
			};
			name = Release;
		};
		ACFE26CB2B4D2CD1002EF629 /* Debug */ = {
			isa = XCBuildConfiguration;
			buildSettings = {
				ASSETCATALOG_COMPILER_APPICON_NAME = AppIcon;
				ASSETCATALOG_COMPILER_GLOBAL_ACCENT_COLOR_NAME = AccentColor;
				CODE_SIGN_STYLE = Automatic;
				CURRENT_PROJECT_VERSION = 1;
				DEVELOPMENT_TEAM = 92Y6UC7Q5M;
				GENERATE_INFOPLIST_FILE = YES;
				INFOPLIST_FILE = SeSAC_Assignment_0109/Info.plist;
				INFOPLIST_KEY_UIApplicationSupportsIndirectInputEvents = YES;
				INFOPLIST_KEY_UILaunchStoryboardName = LaunchScreen;
				INFOPLIST_KEY_UIMainStoryboardFile = Main;
				INFOPLIST_KEY_UISupportedInterfaceOrientations = UIInterfaceOrientationPortrait;
				INFOPLIST_KEY_UISupportedInterfaceOrientations_iPad = "UIInterfaceOrientationLandscapeLeft UIInterfaceOrientationLandscapeRight UIInterfaceOrientationPortrait UIInterfaceOrientationPortraitUpsideDown";
				LD_RUNPATH_SEARCH_PATHS = (
					"$(inherited)",
					"@executable_path/Frameworks",
				);
				MARKETING_VERSION = 1.0;
				PRODUCT_BUNDLE_IDENTIFIER = "com.donotinto.SeSACThirdWeek-SB";
				PRODUCT_NAME = "$(TARGET_NAME)";
				SUPPORTED_PLATFORMS = "iphoneos iphonesimulator";
				SUPPORTS_MACCATALYST = NO;
				SUPPORTS_MAC_DESIGNED_FOR_IPHONE_IPAD = NO;
				SWIFT_EMIT_LOC_STRINGS = YES;
				SWIFT_VERSION = 5.0;
				TARGETED_DEVICE_FAMILY = 1;
			};
			name = Debug;
		};
		ACFE26CC2B4D2CD1002EF629 /* Release */ = {
			isa = XCBuildConfiguration;
			buildSettings = {
				ASSETCATALOG_COMPILER_APPICON_NAME = AppIcon;
				ASSETCATALOG_COMPILER_GLOBAL_ACCENT_COLOR_NAME = AccentColor;
				CODE_SIGN_STYLE = Automatic;
				CURRENT_PROJECT_VERSION = 1;
				DEVELOPMENT_TEAM = 92Y6UC7Q5M;
				GENERATE_INFOPLIST_FILE = YES;
				INFOPLIST_FILE = SeSAC_Assignment_0109/Info.plist;
				INFOPLIST_KEY_UIApplicationSupportsIndirectInputEvents = YES;
				INFOPLIST_KEY_UILaunchStoryboardName = LaunchScreen;
				INFOPLIST_KEY_UIMainStoryboardFile = Main;
				INFOPLIST_KEY_UISupportedInterfaceOrientations = UIInterfaceOrientationPortrait;
				INFOPLIST_KEY_UISupportedInterfaceOrientations_iPad = "UIInterfaceOrientationLandscapeLeft UIInterfaceOrientationLandscapeRight UIInterfaceOrientationPortrait UIInterfaceOrientationPortraitUpsideDown";
				LD_RUNPATH_SEARCH_PATHS = (
					"$(inherited)",
					"@executable_path/Frameworks",
				);
				MARKETING_VERSION = 1.0;
				PRODUCT_BUNDLE_IDENTIFIER = "com.donotinto.SeSAC-Assignment-0109";
				PRODUCT_NAME = "$(TARGET_NAME)";
				SUPPORTED_PLATFORMS = "iphoneos iphonesimulator";
				SUPPORTS_MACCATALYST = NO;
				SUPPORTS_MAC_DESIGNED_FOR_IPHONE_IPAD = NO;
				SWIFT_EMIT_LOC_STRINGS = YES;
				SWIFT_VERSION = 5.0;
				TARGETED_DEVICE_FAMILY = 1;
			};
			name = Release;
		};
/* End XCBuildConfiguration section */

/* Begin XCConfigurationList section */
		ACFE26B12B4D2CCF002EF629 /* Build configuration list for PBXProject "SeSAC_Assignment_0109" */ = {
			isa = XCConfigurationList;
			buildConfigurations = (
				ACFE26C82B4D2CD1002EF629 /* Debug */,
				ACFE26C92B4D2CD1002EF629 /* Release */,
			);
			defaultConfigurationIsVisible = 0;
			defaultConfigurationName = Release;
		};
		ACFE26CA2B4D2CD1002EF629 /* Build configuration list for PBXNativeTarget "SeSAC_Assignment_0109" */ = {
			isa = XCConfigurationList;
			buildConfigurations = (
				ACFE26CB2B4D2CD1002EF629 /* Debug */,
				ACFE26CC2B4D2CD1002EF629 /* Release */,
			);
			defaultConfigurationIsVisible = 0;
			defaultConfigurationName = Release;
		};
/* End XCConfigurationList section */

/* Begin XCRemoteSwiftPackageReference section */
		ACFE26D32B4D3662002EF629 /* XCRemoteSwiftPackageReference "Kingfisher" */ = {
			isa = XCRemoteSwiftPackageReference;
			repositoryURL = "https://github.com/onevcat/Kingfisher.git";
			requirement = {
				kind = upToNextMajorVersion;
				minimumVersion = 7.10.1;
			};
		};
/* End XCRemoteSwiftPackageReference section */

/* Begin XCSwiftPackageProductDependency section */
		AC0FDFCB2B4FDDBF002452B1 /* Kingfisher */ = {
			isa = XCSwiftPackageProductDependency;
			package = ACFE26D32B4D3662002EF629 /* XCRemoteSwiftPackageReference "Kingfisher" */;
			productName = Kingfisher;
		};
		ACFE26D42B4D3662002EF629 /* Kingfisher */ = {
			isa = XCSwiftPackageProductDependency;
			package = ACFE26D32B4D3662002EF629 /* XCRemoteSwiftPackageReference "Kingfisher" */;
			productName = Kingfisher;
		};
/* End XCSwiftPackageProductDependency section */
	};
	rootObject = ACFE26AE2B4D2CCF002EF629 /* Project object */;
}
